// !$*UTF8*$!
{
	archiveVersion = 1;
	classes = {
	};
	objectVersion = 60;
	objects = {

/* Begin PBXBuildFile section */
		30ADAF637B99EB614AADEEE0 /* Pods_MyApplication.framework in Frameworks */ = {isa = PBXBuildFile; fileRef = 534E4F79B2184BF55889587A /* Pods_MyApplication.framework */; };
		54134B302AD75ACE007FBE7C /* SceneDelegate.m in Sources */ = {isa = PBXBuildFile; fileRef = 54134B2E2AD75ACE007FBE7C /* SceneDelegate.m */; };
		54134B362AD7620A007FBE7C /* HSColorUtils.m in Sources */ = {isa = PBXBuildFile; fileRef = 54134B352AD7620A007FBE7C /* HSColorUtils.m */; };
		54134B3A2AD784D4007FBE7C /* MasonryDemoViewController.m in Sources */ = {isa = PBXBuildFile; fileRef = 54134B392AD784D4007FBE7C /* MasonryDemoViewController.m */; };
		54134B3E2ADD822D007FBE7C /* YUVDemoViewController.m in Sources */ = {isa = PBXBuildFile; fileRef = 54134B3D2ADD822D007FBE7C /* YUVDemoViewController.m */; };
		54134C4D2ADEEF24007FBE7C /* yuv_compress.cc in Sources */ = {isa = PBXBuildFile; fileRef = 54134BFA2ADEEF24007FBE7C /* yuv_compress.cc */; };
		54134C4E2ADEEF24007FBE7C /* compare_mmi.cc in Sources */ = {isa = PBXBuildFile; fileRef = 54134C162ADEEF24007FBE7C /* compare_mmi.cc */; };
		54134C4F2ADEEF24007FBE7C /* rotate_common.cc in Sources */ = {isa = PBXBuildFile; fileRef = 54134C172ADEEF24007FBE7C /* rotate_common.cc */; };
		54134C502ADEEF24007FBE7C /* scale_rgb.cc in Sources */ = {isa = PBXBuildFile; fileRef = 54134C182ADEEF24007FBE7C /* scale_rgb.cc */; };
		54134C512ADEEF24007FBE7C /* rotate_any.cc in Sources */ = {isa = PBXBuildFile; fileRef = 54134C192ADEEF24007FBE7C /* rotate_any.cc */; };
		54134C522ADEEF24007FBE7C /* rotate.cc in Sources */ = {isa = PBXBuildFile; fileRef = 54134C1A2ADEEF24007FBE7C /* rotate.cc */; };
		54134C532ADEEF24007FBE7C /* row_mmi.cc in Sources */ = {isa = PBXBuildFile; fileRef = 54134C1B2ADEEF24007FBE7C /* row_mmi.cc */; };
		54134C542ADEEF24007FBE7C /* scale_gcc.cc in Sources */ = {isa = PBXBuildFile; fileRef = 54134C1C2ADEEF24007FBE7C /* scale_gcc.cc */; };
		54134C552ADEEF24007FBE7C /* convert_jpeg.cc in Sources */ = {isa = PBXBuildFile; fileRef = 54134C1D2ADEEF24007FBE7C /* convert_jpeg.cc */; };
		54134C562ADEEF24007FBE7C /* compare_win.cc in Sources */ = {isa = PBXBuildFile; fileRef = 54134C1E2ADEEF24007FBE7C /* compare_win.cc */; };
		54134C572ADEEF24007FBE7C /* cpu_id.cc in Sources */ = {isa = PBXBuildFile; fileRef = 54134C1F2ADEEF24007FBE7C /* cpu_id.cc */; };
		54134C582ADEEF24007FBE7C /* row_win.cc in Sources */ = {isa = PBXBuildFile; fileRef = 54134C202ADEEF24007FBE7C /* row_win.cc */; };
		54134C592ADEEF24007FBE7C /* mjpeg_decoder.cc in Sources */ = {isa = PBXBuildFile; fileRef = 54134C212ADEEF24007FBE7C /* mjpeg_decoder.cc */; };
		54134C5A2ADEEF24007FBE7C /* row_neon.cc in Sources */ = {isa = PBXBuildFile; fileRef = 54134C222ADEEF24007FBE7C /* row_neon.cc */; };
		54134C5B2ADEEF24007FBE7C /* rotate_neon64.cc in Sources */ = {isa = PBXBuildFile; fileRef = 54134C232ADEEF24007FBE7C /* rotate_neon64.cc */; };
		54134C5C2ADEEF24007FBE7C /* row_lasx.cc in Sources */ = {isa = PBXBuildFile; fileRef = 54134C242ADEEF24007FBE7C /* row_lasx.cc */; };
		54134C5D2ADEEF24007FBE7C /* scale.cc in Sources */ = {isa = PBXBuildFile; fileRef = 54134C252ADEEF24007FBE7C /* scale.cc */; };
		54134C5E2ADEEF24007FBE7C /* compare.cc in Sources */ = {isa = PBXBuildFile; fileRef = 54134C262ADEEF24007FBE7C /* compare.cc */; };
		54134C5F2ADEEF24007FBE7C /* row_neon64.cc in Sources */ = {isa = PBXBuildFile; fileRef = 54134C272ADEEF24007FBE7C /* row_neon64.cc */; };
		54134C602ADEEF24007FBE7C /* convert_from_argb.cc in Sources */ = {isa = PBXBuildFile; fileRef = 54134C282ADEEF24007FBE7C /* convert_from_argb.cc */; };
		54134C612ADEEF24007FBE7C /* compare_msa.cc in Sources */ = {isa = PBXBuildFile; fileRef = 54134C292ADEEF24007FBE7C /* compare_msa.cc */; };
		54134C622ADEEF24007FBE7C /* planar_functions.cc in Sources */ = {isa = PBXBuildFile; fileRef = 54134C2A2ADEEF24007FBE7C /* planar_functions.cc */; };
		54134C632ADEEF24007FBE7C /* row_lsx.cc in Sources */ = {isa = PBXBuildFile; fileRef = 54134C2B2ADEEF24007FBE7C /* row_lsx.cc */; };
		54134C642ADEEF24007FBE7C /* row_msa.cc in Sources */ = {isa = PBXBuildFile; fileRef = 54134C2C2ADEEF24007FBE7C /* row_msa.cc */; };
		54134C652ADEEF24007FBE7C /* convert_argb.cc in Sources */ = {isa = PBXBuildFile; fileRef = 54134C2D2ADEEF24007FBE7C /* convert_argb.cc */; };
		54134C662ADEEF24007FBE7C /* row_common.cc in Sources */ = {isa = PBXBuildFile; fileRef = 54134C2E2ADEEF24007FBE7C /* row_common.cc */; };
		54134C672ADEEF24007FBE7C /* scale_any.cc in Sources */ = {isa = PBXBuildFile; fileRef = 54134C2F2ADEEF24007FBE7C /* scale_any.cc */; };
		54134C682ADEEF24007FBE7C /* rotate_gcc.cc in Sources */ = {isa = PBXBuildFile; fileRef = 54134C302ADEEF24007FBE7C /* rotate_gcc.cc */; };
		54134C692ADEEF24007FBE7C /* convert.cc in Sources */ = {isa = PBXBuildFile; fileRef = 54134C312ADEEF24007FBE7C /* convert.cc */; };
		54134C6A2ADEEF24007FBE7C /* convert_from.cc in Sources */ = {isa = PBXBuildFile; fileRef = 54134C322ADEEF24007FBE7C /* convert_from.cc */; };
		54134C6B2ADEEF24007FBE7C /* scale_common.cc in Sources */ = {isa = PBXBuildFile; fileRef = 54134C332ADEEF24007FBE7C /* scale_common.cc */; };
		54134C6C2ADEEF24007FBE7C /* rotate_mmi.cc in Sources */ = {isa = PBXBuildFile; fileRef = 54134C342ADEEF24007FBE7C /* rotate_mmi.cc */; };
		54134C6D2ADEEF24007FBE7C /* row_any.cc in Sources */ = {isa = PBXBuildFile; fileRef = 54134C352ADEEF24007FBE7C /* row_any.cc */; };
		54134C6E2ADEEF24007FBE7C /* scale_uv.cc in Sources */ = {isa = PBXBuildFile; fileRef = 54134C362ADEEF24007FBE7C /* scale_uv.cc */; };
		54134C6F2ADEEF24007FBE7C /* convert_to_argb.cc in Sources */ = {isa = PBXBuildFile; fileRef = 54134C372ADEEF24007FBE7C /* convert_to_argb.cc */; };
		54134C702ADEEF24007FBE7C /* compare_neon.cc in Sources */ = {isa = PBXBuildFile; fileRef = 54134C382ADEEF24007FBE7C /* compare_neon.cc */; };
		54134C712ADEEF24007FBE7C /* rotate_win.cc in Sources */ = {isa = PBXBuildFile; fileRef = 54134C392ADEEF24007FBE7C /* rotate_win.cc */; };
		54134C722ADEEF24007FBE7C /* scale_msa.cc in Sources */ = {isa = PBXBuildFile; fileRef = 54134C3A2ADEEF24007FBE7C /* scale_msa.cc */; };
		54134C732ADEEF24007FBE7C /* scale_lsx.cc in Sources */ = {isa = PBXBuildFile; fileRef = 54134C3B2ADEEF24007FBE7C /* scale_lsx.cc */; };
		54134C742ADEEF24007FBE7C /* scale_neon64.cc in Sources */ = {isa = PBXBuildFile; fileRef = 54134C3C2ADEEF24007FBE7C /* scale_neon64.cc */; };
		54134C752ADEEF24007FBE7C /* mjpeg_validate.cc in Sources */ = {isa = PBXBuildFile; fileRef = 54134C3D2ADEEF24007FBE7C /* mjpeg_validate.cc */; };
		54134C762ADEEF24007FBE7C /* scale_win.cc in Sources */ = {isa = PBXBuildFile; fileRef = 54134C3E2ADEEF24007FBE7C /* scale_win.cc */; };
		54134C772ADEEF24007FBE7C /* compare_common.cc in Sources */ = {isa = PBXBuildFile; fileRef = 54134C3F2ADEEF24007FBE7C /* compare_common.cc */; };
		54134C782ADEEF24007FBE7C /* rotate_msa.cc in Sources */ = {isa = PBXBuildFile; fileRef = 54134C402ADEEF24007FBE7C /* rotate_msa.cc */; };
		54134C792ADEEF24007FBE7C /* rotate_lsx.cc in Sources */ = {isa = PBXBuildFile; fileRef = 54134C412ADEEF24007FBE7C /* rotate_lsx.cc */; };
		54134C7A2ADEEF24007FBE7C /* scale_neon.cc in Sources */ = {isa = PBXBuildFile; fileRef = 54134C422ADEEF24007FBE7C /* scale_neon.cc */; };
		54134C7B2ADEEF24007FBE7C /* rotate_neon.cc in Sources */ = {isa = PBXBuildFile; fileRef = 54134C432ADEEF24007FBE7C /* rotate_neon.cc */; };
		54134C7C2ADEEF24007FBE7C /* video_common.cc in Sources */ = {isa = PBXBuildFile; fileRef = 54134C442ADEEF24007FBE7C /* video_common.cc */; };
		54134C7D2ADEEF24007FBE7C /* scale_mmi.cc in Sources */ = {isa = PBXBuildFile; fileRef = 54134C452ADEEF24007FBE7C /* scale_mmi.cc */; };
		54134C7E2ADEEF24007FBE7C /* convert_to_i420.cc in Sources */ = {isa = PBXBuildFile; fileRef = 54134C462ADEEF24007FBE7C /* convert_to_i420.cc */; };
		54134C7F2ADEEF24007FBE7C /* row_gcc.cc in Sources */ = {isa = PBXBuildFile; fileRef = 54134C472ADEEF24007FBE7C /* row_gcc.cc */; };
		54134C802ADEEF24007FBE7C /* test.sh in Resources */ = {isa = PBXBuildFile; fileRef = 54134C482ADEEF24007FBE7C /* test.sh */; };
		54134C812ADEEF24007FBE7C /* rotate_argb.cc in Sources */ = {isa = PBXBuildFile; fileRef = 54134C492ADEEF24007FBE7C /* rotate_argb.cc */; };
		54134C822ADEEF24007FBE7C /* compare_gcc.cc in Sources */ = {isa = PBXBuildFile; fileRef = 54134C4A2ADEEF24007FBE7C /* compare_gcc.cc */; };
		54134C832ADEEF24007FBE7C /* compare_neon64.cc in Sources */ = {isa = PBXBuildFile; fileRef = 54134C4B2ADEEF24007FBE7C /* compare_neon64.cc */; };
		54134C842ADEEF24007FBE7C /* scale_argb.cc in Sources */ = {isa = PBXBuildFile; fileRef = 54134C4C2ADEEF24007FBE7C /* scale_argb.cc */; };
		54374ADE2B62B5C700A16BE3 /* SegmentViewController.m in Sources */ = {isa = PBXBuildFile; fileRef = 54374ADC2B62B5C700A16BE3 /* SegmentViewController.m */; };
		54374ADF2B62B5C700A16BE3 /* SegmentViewController.xib in Resources */ = {isa = PBXBuildFile; fileRef = 54374ADD2B62B5C700A16BE3 /* SegmentViewController.xib */; };
		5458573E2B4AF6FD001E95A8 /* StackViewDemoViewController.m in Sources */ = {isa = PBXBuildFile; fileRef = 5458573C2B4AF6FD001E95A8 /* StackViewDemoViewController.m */; };
		5458573F2B4AF6FD001E95A8 /* StackViewDemoViewController.xib in Resources */ = {isa = PBXBuildFile; fileRef = 5458573D2B4AF6FD001E95A8 /* StackViewDemoViewController.xib */; };
		54688CA22ABCC23C007F48E8 /* AppDelegate.m in Sources */ = {isa = PBXBuildFile; fileRef = 54688CA12ABCC23C007F48E8 /* AppDelegate.m */; };
		54688CA82ABCC23C007F48E8 /* ViewController.m in Sources */ = {isa = PBXBuildFile; fileRef = 54688CA72ABCC23C007F48E8 /* ViewController.m */; };
		54688CAD2ABCC23D007F48E8 /* Assets.xcassets in Resources */ = {isa = PBXBuildFile; fileRef = 54688CAC2ABCC23D007F48E8 /* Assets.xcassets */; };
		54688CB02ABCC23D007F48E8 /* LaunchScreen.storyboard in Resources */ = {isa = PBXBuildFile; fileRef = 54688CAE2ABCC23D007F48E8 /* LaunchScreen.storyboard */; };
		54688CB32ABCC23D007F48E8 /* main.m in Sources */ = {isa = PBXBuildFile; fileRef = 54688CB22ABCC23D007F48E8 /* main.m */; };
		54688CBD2ABCC23D007F48E8 /* MyApplicationTests.m in Sources */ = {isa = PBXBuildFile; fileRef = 54688CBC2ABCC23D007F48E8 /* MyApplicationTests.m */; };
		54688CC72ABCC23D007F48E8 /* MyApplicationUITests.m in Sources */ = {isa = PBXBuildFile; fileRef = 54688CC62ABCC23D007F48E8 /* MyApplicationUITests.m */; };
		54688CC92ABCC23D007F48E8 /* MyApplicationUITestsLaunchTests.m in Sources */ = {isa = PBXBuildFile; fileRef = 54688CC82ABCC23D007F48E8 /* MyApplicationUITestsLaunchTests.m */; };
		54CB9B9A2B39BAA900AF9827 /* AudioChatViewController.m in Sources */ = {isa = PBXBuildFile; fileRef = 54CB9B982B39BAA900AF9827 /* AudioChatViewController.m */; };
		54CB9B9B2B39BAA900AF9827 /* AudioChatViewController.xib in Resources */ = {isa = PBXBuildFile; fileRef = 54CB9B992B39BAA900AF9827 /* AudioChatViewController.xib */; };
		54CB9B9E2B39CF4700AF9827 /* AudioManager.m in Sources */ = {isa = PBXBuildFile; fileRef = 54CB9B9D2B39CF4700AF9827 /* AudioManager.m */; };
		54D187EB2B8AE60A00F7C1D2 /* UIView1.m in Sources */ = {isa = PBXBuildFile; fileRef = 54D187EA2B8AE60A00F7C1D2 /* UIView1.m */; };
		54D187EE2B8AE6AC00F7C1D2 /* UIView2.m in Sources */ = {isa = PBXBuildFile; fileRef = 54D187ED2B8AE6AC00F7C1D2 /* UIView2.m */; };
		54D9D1F72AF77FE300962B18 /* DemoView1.xib in Resources */ = {isa = PBXBuildFile; fileRef = 54D9D1F62AF77FE300962B18 /* DemoView1.xib */; };
		54DB8FAE2BF9B8D3005A8561 /* XibDemoViewController.m in Sources */ = {isa = PBXBuildFile; fileRef = 54DB8FAC2BF9B8D3005A8561 /* XibDemoViewController.m */; };
		54DB8FAF2BF9B8D3005A8561 /* XibDemoViewController.xib in Resources */ = {isa = PBXBuildFile; fileRef = 54DB8FAD2BF9B8D3005A8561 /* XibDemoViewController.xib */; };
		54FB17372B8B2208000DE3D7 /* UIView3.m in Sources */ = {isa = PBXBuildFile; fileRef = 54FB17362B8B2208000DE3D7 /* UIView3.m */; };
		54FB173A2B8B2660000DE3D7 /* UILabel1.m in Sources */ = {isa = PBXBuildFile; fileRef = 54FB17392B8B2660000DE3D7 /* UILabel1.m */; };
		54FB173D2B8B2735000DE3D7 /* UILabel2.m in Sources */ = {isa = PBXBuildFile; fileRef = 54FB173C2B8B2735000DE3D7 /* UILabel2.m */; };
		54FB17402B8B2743000DE3D7 /* UILabel3.m in Sources */ = {isa = PBXBuildFile; fileRef = 54FB173F2B8B2743000DE3D7 /* UILabel3.m */; };
		54FB17432B8B43B6000DE3D7 /* IntrinsicContentView.m in Sources */ = {isa = PBXBuildFile; fileRef = 54FB17422B8B43B6000DE3D7 /* IntrinsicContentView.m */; };
		54FB17472B8B9736000DE3D7 /* StackViewWithScrollViewDemoViewController.m in Sources */ = {isa = PBXBuildFile; fileRef = 54FB17452B8B9736000DE3D7 /* StackViewWithScrollViewDemoViewController.m */; };
		54FB17482B8B9736000DE3D7 /* StackViewWithScrollViewDemoViewController.xib in Resources */ = {isa = PBXBuildFile; fileRef = 54FB17462B8B9736000DE3D7 /* StackViewWithScrollViewDemoViewController.xib */; };
		840A5C472C1FD81200C5A1D4 /* SDKDemo.m in Sources */ = {isa = PBXBuildFile; fileRef = 840A5C462C1FD81200C5A1D4 /* SDKDemo.m */; };
		84425C532BB2725E00EFCDE7 /* MemoryDemoViewController.m in Sources */ = {isa = PBXBuildFile; fileRef = 84425C512BB2725E00EFCDE7 /* MemoryDemoViewController.m */; };
		84425C542BB2725E00EFCDE7 /* MemoryDemoViewController.xib in Resources */ = {isa = PBXBuildFile; fileRef = 84425C522BB2725E00EFCDE7 /* MemoryDemoViewController.xib */; };
		84425C572BB272B800EFCDE7 /* MemoryDemo.m in Sources */ = {isa = PBXBuildFile; fileRef = 84425C562BB272B800EFCDE7 /* MemoryDemo.m */; };
		84425C5B2BB2788000EFCDE7 /* FIFORingQueueManager.c in Sources */ = {isa = PBXBuildFile; fileRef = 84425C5A2BB2788000EFCDE7 /* FIFORingQueueManager.c */; };
		84AF027B2BB5664C004CE44A /* AudioOutput.m in Sources */ = {isa = PBXBuildFile; fileRef = 84AF02792BB5664C004CE44A /* AudioOutput.m */; };
		84AF027F2BB5669A004CE44A /* AudioViewController.m in Sources */ = {isa = PBXBuildFile; fileRef = 84AF027D2BB5669A004CE44A /* AudioViewController.m */; };
		84AF02802BB5669A004CE44A /* AudioViewController.xib in Resources */ = {isa = PBXBuildFile; fileRef = 84AF027E2BB5669A004CE44A /* AudioViewController.xib */; };
		84AF02832BB56C55004CE44A /* PermissionManager.m in Sources */ = {isa = PBXBuildFile; fileRef = 84AF02822BB56C55004CE44A /* PermissionManager.m */; };
		84AF02902BBAC525004CE44A /* pcm_raw_data.raw in Resources */ = {isa = PBXBuildFile; fileRef = 84AF028F2BBAC525004CE44A /* pcm_raw_data.raw */; };
		84E9F32C2C2915DE00E48F52 /* SelectViewController.m in Sources */ = {isa = PBXBuildFile; fileRef = 84E9F3262C2915DD00E48F52 /* SelectViewController.m */; };
		84E9F32D2C2915DE00E48F52 /* SelectUIView.m in Sources */ = {isa = PBXBuildFile; fileRef = 84E9F3272C2915DD00E48F52 /* SelectUIView.m */; };
		84E9F32E2C2915DE00E48F52 /* TimerDemoViewController.xib in Resources */ = {isa = PBXBuildFile; fileRef = 84E9F3292C2915DD00E48F52 /* TimerDemoViewController.xib */; };
		84E9F32F2C2915DE00E48F52 /* TimerDemoViewController.m in Sources */ = {isa = PBXBuildFile; fileRef = 84E9F32A2C2915DD00E48F52 /* TimerDemoViewController.m */; };
/* End PBXBuildFile section */

/* Begin PBXContainerItemProxy section */
		54688CB92ABCC23D007F48E8 /* PBXContainerItemProxy */ = {
			isa = PBXContainerItemProxy;
			containerPortal = 54688C952ABCC23C007F48E8 /* Project object */;
			proxyType = 1;
			remoteGlobalIDString = 54688C9C2ABCC23C007F48E8;
			remoteInfo = MyApplication;
		};
		54688CC32ABCC23D007F48E8 /* PBXContainerItemProxy */ = {
			isa = PBXContainerItemProxy;
			containerPortal = 54688C952ABCC23C007F48E8 /* Project object */;
			proxyType = 1;
			remoteGlobalIDString = 54688C9C2ABCC23C007F48E8;
			remoteInfo = MyApplication;
		};
/* End PBXContainerItemProxy section */

/* Begin PBXFileReference section */
		534E4F79B2184BF55889587A /* Pods_MyApplication.framework */ = {isa = PBXFileReference; explicitFileType = wrapper.framework; includeInIndex = 0; path = Pods_MyApplication.framework; sourceTree = BUILT_PRODUCTS_DIR; };
		54134B2E2AD75ACE007FBE7C /* SceneDelegate.m */ = {isa = PBXFileReference; fileEncoding = 4; lastKnownFileType = sourcecode.c.objc; path = SceneDelegate.m; sourceTree = "<group>"; };
		54134B2F2AD75ACE007FBE7C /* SceneDelegate.h */ = {isa = PBXFileReference; fileEncoding = 4; lastKnownFileType = sourcecode.c.h; path = SceneDelegate.h; sourceTree = "<group>"; };
		54134B322AD760D7007FBE7C /* PrefixHeader.pch */ = {isa = PBXFileReference; lastKnownFileType = sourcecode.c.h; path = PrefixHeader.pch; sourceTree = "<group>"; };
		54134B342AD7620A007FBE7C /* HSColorUtils.h */ = {isa = PBXFileReference; lastKnownFileType = sourcecode.c.h; path = HSColorUtils.h; sourceTree = "<group>"; };
		54134B352AD7620A007FBE7C /* HSColorUtils.m */ = {isa = PBXFileReference; lastKnownFileType = sourcecode.c.objc; path = HSColorUtils.m; sourceTree = "<group>"; };
		54134B382AD784D4007FBE7C /* MasonryDemoViewController.h */ = {isa = PBXFileReference; lastKnownFileType = sourcecode.c.h; path = MasonryDemoViewController.h; sourceTree = "<group>"; };
		54134B392AD784D4007FBE7C /* MasonryDemoViewController.m */ = {isa = PBXFileReference; lastKnownFileType = sourcecode.c.objc; path = MasonryDemoViewController.m; sourceTree = "<group>"; };
		54134B3C2ADD822D007FBE7C /* YUVDemoViewController.h */ = {isa = PBXFileReference; lastKnownFileType = sourcecode.c.h; path = YUVDemoViewController.h; sourceTree = "<group>"; };
		54134B3D2ADD822D007FBE7C /* YUVDemoViewController.m */ = {isa = PBXFileReference; lastKnownFileType = sourcecode.c.objc; path = YUVDemoViewController.m; sourceTree = "<group>"; };
		54134BF92ADEEF24007FBE7C /* yuv_compress.h */ = {isa = PBXFileReference; fileEncoding = 4; lastKnownFileType = sourcecode.c.h; path = yuv_compress.h; sourceTree = "<group>"; };
		54134BFA2ADEEF24007FBE7C /* yuv_compress.cc */ = {isa = PBXFileReference; explicitFileType = sourcecode.cpp.objcpp; fileEncoding = 4; path = yuv_compress.cc; sourceTree = "<group>"; };
		54134BFC2ADEEF24007FBE7C /* libyuv.h */ = {isa = PBXFileReference; fileEncoding = 4; lastKnownFileType = sourcecode.c.h; path = libyuv.h; sourceTree = "<group>"; };
		54134BFE2ADEEF24007FBE7C /* scale_row.h */ = {isa = PBXFileReference; fileEncoding = 4; lastKnownFileType = sourcecode.c.h; path = scale_row.h; sourceTree = "<group>"; };
		54134BFF2ADEEF24007FBE7C /* scale.h */ = {isa = PBXFileReference; fileEncoding = 4; lastKnownFileType = sourcecode.c.h; path = scale.h; sourceTree = "<group>"; };
		54134C002ADEEF24007FBE7C /* version.h */ = {isa = PBXFileReference; fileEncoding = 4; lastKnownFileType = sourcecode.c.h; path = version.h; sourceTree = "<group>"; };
		54134C012ADEEF24007FBE7C /* cpu_id.h */ = {isa = PBXFileReference; fileEncoding = 4; lastKnownFileType = sourcecode.c.h; path = cpu_id.h; sourceTree = "<group>"; };
		54134C022ADEEF24007FBE7C /* video_common.h */ = {isa = PBXFileReference; fileEncoding = 4; lastKnownFileType = sourcecode.c.h; path = video_common.h; sourceTree = "<group>"; };
		54134C032ADEEF24007FBE7C /* compare_row.h */ = {isa = PBXFileReference; fileEncoding = 4; lastKnownFileType = sourcecode.c.h; path = compare_row.h; sourceTree = "<group>"; };
		54134C042ADEEF24007FBE7C /* mjpeg_decoder.h */ = {isa = PBXFileReference; fileEncoding = 4; lastKnownFileType = sourcecode.c.h; path = mjpeg_decoder.h; sourceTree = "<group>"; };
		54134C052ADEEF24007FBE7C /* rotate_row.h */ = {isa = PBXFileReference; fileEncoding = 4; lastKnownFileType = sourcecode.c.h; path = rotate_row.h; sourceTree = "<group>"; };
		54134C062ADEEF24007FBE7C /* planar_functions.h */ = {isa = PBXFileReference; fileEncoding = 4; lastKnownFileType = sourcecode.c.h; path = planar_functions.h; sourceTree = "<group>"; };
		54134C072ADEEF24007FBE7C /* scale_argb.h */ = {isa = PBXFileReference; fileEncoding = 4; lastKnownFileType = sourcecode.c.h; path = scale_argb.h; sourceTree = "<group>"; };
		54134C082ADEEF24007FBE7C /* compare.h */ = {isa = PBXFileReference; fileEncoding = 4; lastKnownFileType = sourcecode.c.h; path = compare.h; sourceTree = "<group>"; };
		54134C092ADEEF24007FBE7C /* convert_argb.h */ = {isa = PBXFileReference; fileEncoding = 4; lastKnownFileType = sourcecode.c.h; path = convert_argb.h; sourceTree = "<group>"; };
		54134C0A2ADEEF24007FBE7C /* rotate.h */ = {isa = PBXFileReference; fileEncoding = 4; lastKnownFileType = sourcecode.c.h; path = rotate.h; sourceTree = "<group>"; };
		54134C0B2ADEEF24007FBE7C /* convert_from_argb.h */ = {isa = PBXFileReference; fileEncoding = 4; lastKnownFileType = sourcecode.c.h; path = convert_from_argb.h; sourceTree = "<group>"; };
		54134C0C2ADEEF24007FBE7C /* basic_types.h */ = {isa = PBXFileReference; fileEncoding = 4; lastKnownFileType = sourcecode.c.h; path = basic_types.h; sourceTree = "<group>"; };
		54134C0D2ADEEF24007FBE7C /* scale_uv.h */ = {isa = PBXFileReference; fileEncoding = 4; lastKnownFileType = sourcecode.c.h; path = scale_uv.h; sourceTree = "<group>"; };
		54134C0E2ADEEF24007FBE7C /* loongson_intrinsics.h */ = {isa = PBXFileReference; fileEncoding = 4; lastKnownFileType = sourcecode.c.h; path = loongson_intrinsics.h; sourceTree = "<group>"; };
		54134C0F2ADEEF24007FBE7C /* convert_from.h */ = {isa = PBXFileReference; fileEncoding = 4; lastKnownFileType = sourcecode.c.h; path = convert_from.h; sourceTree = "<group>"; };
		54134C102ADEEF24007FBE7C /* convert.h */ = {isa = PBXFileReference; fileEncoding = 4; lastKnownFileType = sourcecode.c.h; path = convert.h; sourceTree = "<group>"; };
		54134C112ADEEF24007FBE7C /* rotate_argb.h */ = {isa = PBXFileReference; fileEncoding = 4; lastKnownFileType = sourcecode.c.h; path = rotate_argb.h; sourceTree = "<group>"; };
		54134C122ADEEF24007FBE7C /* scale_rgb.h */ = {isa = PBXFileReference; fileEncoding = 4; lastKnownFileType = sourcecode.c.h; path = scale_rgb.h; sourceTree = "<group>"; };
		54134C132ADEEF24007FBE7C /* macros_msa.h */ = {isa = PBXFileReference; fileEncoding = 4; lastKnownFileType = sourcecode.c.h; path = macros_msa.h; sourceTree = "<group>"; };
		54134C142ADEEF24007FBE7C /* row.h */ = {isa = PBXFileReference; fileEncoding = 4; lastKnownFileType = sourcecode.c.h; path = row.h; sourceTree = "<group>"; };
		54134C162ADEEF24007FBE7C /* compare_mmi.cc */ = {isa = PBXFileReference; explicitFileType = sourcecode.cpp.objcpp; fileEncoding = 4; path = compare_mmi.cc; sourceTree = "<group>"; };
		54134C172ADEEF24007FBE7C /* rotate_common.cc */ = {isa = PBXFileReference; explicitFileType = sourcecode.cpp.objcpp; fileEncoding = 4; path = rotate_common.cc; sourceTree = "<group>"; };
		54134C182ADEEF24007FBE7C /* scale_rgb.cc */ = {isa = PBXFileReference; explicitFileType = sourcecode.cpp.objcpp; fileEncoding = 4; path = scale_rgb.cc; sourceTree = "<group>"; };
		54134C192ADEEF24007FBE7C /* rotate_any.cc */ = {isa = PBXFileReference; explicitFileType = sourcecode.cpp.objcpp; fileEncoding = 4; path = rotate_any.cc; sourceTree = "<group>"; };
		54134C1A2ADEEF24007FBE7C /* rotate.cc */ = {isa = PBXFileReference; explicitFileType = sourcecode.cpp.objcpp; fileEncoding = 4; path = rotate.cc; sourceTree = "<group>"; };
		54134C1B2ADEEF24007FBE7C /* row_mmi.cc */ = {isa = PBXFileReference; explicitFileType = sourcecode.cpp.objcpp; fileEncoding = 4; path = row_mmi.cc; sourceTree = "<group>"; };
		54134C1C2ADEEF24007FBE7C /* scale_gcc.cc */ = {isa = PBXFileReference; explicitFileType = sourcecode.cpp.objcpp; fileEncoding = 4; path = scale_gcc.cc; sourceTree = "<group>"; };
		54134C1D2ADEEF24007FBE7C /* convert_jpeg.cc */ = {isa = PBXFileReference; explicitFileType = sourcecode.cpp.objcpp; fileEncoding = 4; path = convert_jpeg.cc; sourceTree = "<group>"; };
		54134C1E2ADEEF24007FBE7C /* compare_win.cc */ = {isa = PBXFileReference; explicitFileType = sourcecode.cpp.objcpp; fileEncoding = 4; path = compare_win.cc; sourceTree = "<group>"; };
		54134C1F2ADEEF24007FBE7C /* cpu_id.cc */ = {isa = PBXFileReference; explicitFileType = sourcecode.cpp.objcpp; fileEncoding = 4; path = cpu_id.cc; sourceTree = "<group>"; };
		54134C202ADEEF24007FBE7C /* row_win.cc */ = {isa = PBXFileReference; explicitFileType = sourcecode.cpp.objcpp; fileEncoding = 4; path = row_win.cc; sourceTree = "<group>"; };
		54134C212ADEEF24007FBE7C /* mjpeg_decoder.cc */ = {isa = PBXFileReference; explicitFileType = sourcecode.cpp.objcpp; fileEncoding = 4; path = mjpeg_decoder.cc; sourceTree = "<group>"; };
		54134C222ADEEF24007FBE7C /* row_neon.cc */ = {isa = PBXFileReference; explicitFileType = sourcecode.cpp.objcpp; fileEncoding = 4; path = row_neon.cc; sourceTree = "<group>"; };
		54134C232ADEEF24007FBE7C /* rotate_neon64.cc */ = {isa = PBXFileReference; explicitFileType = sourcecode.cpp.objcpp; fileEncoding = 4; path = rotate_neon64.cc; sourceTree = "<group>"; };
		54134C242ADEEF24007FBE7C /* row_lasx.cc */ = {isa = PBXFileReference; explicitFileType = sourcecode.cpp.objcpp; fileEncoding = 4; path = row_lasx.cc; sourceTree = "<group>"; };
		54134C252ADEEF24007FBE7C /* scale.cc */ = {isa = PBXFileReference; explicitFileType = sourcecode.cpp.objcpp; fileEncoding = 4; path = scale.cc; sourceTree = "<group>"; };
		54134C262ADEEF24007FBE7C /* compare.cc */ = {isa = PBXFileReference; explicitFileType = sourcecode.cpp.objcpp; fileEncoding = 4; path = compare.cc; sourceTree = "<group>"; };
		54134C272ADEEF24007FBE7C /* row_neon64.cc */ = {isa = PBXFileReference; explicitFileType = sourcecode.cpp.objcpp; fileEncoding = 4; path = row_neon64.cc; sourceTree = "<group>"; };
		54134C282ADEEF24007FBE7C /* convert_from_argb.cc */ = {isa = PBXFileReference; explicitFileType = sourcecode.cpp.objcpp; fileEncoding = 4; path = convert_from_argb.cc; sourceTree = "<group>"; };
		54134C292ADEEF24007FBE7C /* compare_msa.cc */ = {isa = PBXFileReference; explicitFileType = sourcecode.cpp.objcpp; fileEncoding = 4; path = compare_msa.cc; sourceTree = "<group>"; };
		54134C2A2ADEEF24007FBE7C /* planar_functions.cc */ = {isa = PBXFileReference; explicitFileType = sourcecode.cpp.objcpp; fileEncoding = 4; path = planar_functions.cc; sourceTree = "<group>"; };
		54134C2B2ADEEF24007FBE7C /* row_lsx.cc */ = {isa = PBXFileReference; explicitFileType = sourcecode.cpp.objcpp; fileEncoding = 4; path = row_lsx.cc; sourceTree = "<group>"; };
		54134C2C2ADEEF24007FBE7C /* row_msa.cc */ = {isa = PBXFileReference; explicitFileType = sourcecode.cpp.objcpp; fileEncoding = 4; path = row_msa.cc; sourceTree = "<group>"; };
		54134C2D2ADEEF24007FBE7C /* convert_argb.cc */ = {isa = PBXFileReference; explicitFileType = sourcecode.cpp.objcpp; fileEncoding = 4; path = convert_argb.cc; sourceTree = "<group>"; };
		54134C2E2ADEEF24007FBE7C /* row_common.cc */ = {isa = PBXFileReference; explicitFileType = sourcecode.cpp.objcpp; fileEncoding = 4; path = row_common.cc; sourceTree = "<group>"; };
		54134C2F2ADEEF24007FBE7C /* scale_any.cc */ = {isa = PBXFileReference; explicitFileType = sourcecode.cpp.objcpp; fileEncoding = 4; path = scale_any.cc; sourceTree = "<group>"; };
		54134C302ADEEF24007FBE7C /* rotate_gcc.cc */ = {isa = PBXFileReference; explicitFileType = sourcecode.cpp.objcpp; fileEncoding = 4; path = rotate_gcc.cc; sourceTree = "<group>"; };
		54134C312ADEEF24007FBE7C /* convert.cc */ = {isa = PBXFileReference; explicitFileType = sourcecode.cpp.objcpp; fileEncoding = 4; path = convert.cc; sourceTree = "<group>"; };
		54134C322ADEEF24007FBE7C /* convert_from.cc */ = {isa = PBXFileReference; explicitFileType = sourcecode.cpp.objcpp; fileEncoding = 4; path = convert_from.cc; sourceTree = "<group>"; };
		54134C332ADEEF24007FBE7C /* scale_common.cc */ = {isa = PBXFileReference; explicitFileType = sourcecode.cpp.objcpp; fileEncoding = 4; path = scale_common.cc; sourceTree = "<group>"; };
		54134C342ADEEF24007FBE7C /* rotate_mmi.cc */ = {isa = PBXFileReference; explicitFileType = sourcecode.cpp.objcpp; fileEncoding = 4; path = rotate_mmi.cc; sourceTree = "<group>"; };
		54134C352ADEEF24007FBE7C /* row_any.cc */ = {isa = PBXFileReference; explicitFileType = sourcecode.cpp.objcpp; fileEncoding = 4; path = row_any.cc; sourceTree = "<group>"; };
		54134C362ADEEF24007FBE7C /* scale_uv.cc */ = {isa = PBXFileReference; explicitFileType = sourcecode.cpp.objcpp; fileEncoding = 4; path = scale_uv.cc; sourceTree = "<group>"; };
		54134C372ADEEF24007FBE7C /* convert_to_argb.cc */ = {isa = PBXFileReference; explicitFileType = sourcecode.cpp.objcpp; fileEncoding = 4; path = convert_to_argb.cc; sourceTree = "<group>"; };
		54134C382ADEEF24007FBE7C /* compare_neon.cc */ = {isa = PBXFileReference; explicitFileType = sourcecode.cpp.objcpp; fileEncoding = 4; path = compare_neon.cc; sourceTree = "<group>"; };
		54134C392ADEEF24007FBE7C /* rotate_win.cc */ = {isa = PBXFileReference; explicitFileType = sourcecode.cpp.objcpp; fileEncoding = 4; path = rotate_win.cc; sourceTree = "<group>"; };
		54134C3A2ADEEF24007FBE7C /* scale_msa.cc */ = {isa = PBXFileReference; explicitFileType = sourcecode.cpp.objcpp; fileEncoding = 4; path = scale_msa.cc; sourceTree = "<group>"; };
		54134C3B2ADEEF24007FBE7C /* scale_lsx.cc */ = {isa = PBXFileReference; explicitFileType = sourcecode.cpp.objcpp; fileEncoding = 4; path = scale_lsx.cc; sourceTree = "<group>"; };
		54134C3C2ADEEF24007FBE7C /* scale_neon64.cc */ = {isa = PBXFileReference; explicitFileType = sourcecode.cpp.objcpp; fileEncoding = 4; path = scale_neon64.cc; sourceTree = "<group>"; };
		54134C3D2ADEEF24007FBE7C /* mjpeg_validate.cc */ = {isa = PBXFileReference; explicitFileType = sourcecode.cpp.objcpp; fileEncoding = 4; path = mjpeg_validate.cc; sourceTree = "<group>"; };
		54134C3E2ADEEF24007FBE7C /* scale_win.cc */ = {isa = PBXFileReference; explicitFileType = sourcecode.cpp.objcpp; fileEncoding = 4; path = scale_win.cc; sourceTree = "<group>"; };
		54134C3F2ADEEF24007FBE7C /* compare_common.cc */ = {isa = PBXFileReference; explicitFileType = sourcecode.cpp.objcpp; fileEncoding = 4; path = compare_common.cc; sourceTree = "<group>"; };
		54134C402ADEEF24007FBE7C /* rotate_msa.cc */ = {isa = PBXFileReference; explicitFileType = sourcecode.cpp.objcpp; fileEncoding = 4; path = rotate_msa.cc; sourceTree = "<group>"; };
		54134C412ADEEF24007FBE7C /* rotate_lsx.cc */ = {isa = PBXFileReference; explicitFileType = sourcecode.cpp.objcpp; fileEncoding = 4; path = rotate_lsx.cc; sourceTree = "<group>"; };
		54134C422ADEEF24007FBE7C /* scale_neon.cc */ = {isa = PBXFileReference; explicitFileType = sourcecode.cpp.objcpp; fileEncoding = 4; path = scale_neon.cc; sourceTree = "<group>"; };
		54134C432ADEEF24007FBE7C /* rotate_neon.cc */ = {isa = PBXFileReference; explicitFileType = sourcecode.cpp.objcpp; fileEncoding = 4; path = rotate_neon.cc; sourceTree = "<group>"; };
		54134C442ADEEF24007FBE7C /* video_common.cc */ = {isa = PBXFileReference; explicitFileType = sourcecode.cpp.objcpp; fileEncoding = 4; path = video_common.cc; sourceTree = "<group>"; };
		54134C452ADEEF24007FBE7C /* scale_mmi.cc */ = {isa = PBXFileReference; explicitFileType = sourcecode.cpp.objcpp; fileEncoding = 4; path = scale_mmi.cc; sourceTree = "<group>"; };
		54134C462ADEEF24007FBE7C /* convert_to_i420.cc */ = {isa = PBXFileReference; explicitFileType = sourcecode.cpp.objcpp; fileEncoding = 4; path = convert_to_i420.cc; sourceTree = "<group>"; };
		54134C472ADEEF24007FBE7C /* row_gcc.cc */ = {isa = PBXFileReference; explicitFileType = sourcecode.cpp.objcpp; fileEncoding = 4; path = row_gcc.cc; sourceTree = "<group>"; };
		54134C482ADEEF24007FBE7C /* test.sh */ = {isa = PBXFileReference; fileEncoding = 4; lastKnownFileType = text.script.sh; path = test.sh; sourceTree = "<group>"; };
		54134C492ADEEF24007FBE7C /* rotate_argb.cc */ = {isa = PBXFileReference; explicitFileType = sourcecode.cpp.objcpp; fileEncoding = 4; path = rotate_argb.cc; sourceTree = "<group>"; };
		54134C4A2ADEEF24007FBE7C /* compare_gcc.cc */ = {isa = PBXFileReference; explicitFileType = sourcecode.cpp.objcpp; fileEncoding = 4; path = compare_gcc.cc; sourceTree = "<group>"; };
		54134C4B2ADEEF24007FBE7C /* compare_neon64.cc */ = {isa = PBXFileReference; explicitFileType = sourcecode.cpp.objcpp; fileEncoding = 4; path = compare_neon64.cc; sourceTree = "<group>"; };
		54134C4C2ADEEF24007FBE7C /* scale_argb.cc */ = {isa = PBXFileReference; explicitFileType = sourcecode.cpp.objcpp; fileEncoding = 4; path = scale_argb.cc; sourceTree = "<group>"; };
		54374ADB2B62B5C700A16BE3 /* SegmentViewController.h */ = {isa = PBXFileReference; lastKnownFileType = sourcecode.c.h; path = SegmentViewController.h; sourceTree = "<group>"; };
		54374ADC2B62B5C700A16BE3 /* SegmentViewController.m */ = {isa = PBXFileReference; lastKnownFileType = sourcecode.c.objc; path = SegmentViewController.m; sourceTree = "<group>"; };
		54374ADD2B62B5C700A16BE3 /* SegmentViewController.xib */ = {isa = PBXFileReference; lastKnownFileType = file.xib; path = SegmentViewController.xib; sourceTree = "<group>"; };
		5458573B2B4AF6FD001E95A8 /* StackViewDemoViewController.h */ = {isa = PBXFileReference; lastKnownFileType = sourcecode.c.h; path = StackViewDemoViewController.h; sourceTree = "<group>"; };
		5458573C2B4AF6FD001E95A8 /* StackViewDemoViewController.m */ = {isa = PBXFileReference; lastKnownFileType = sourcecode.c.objc; path = StackViewDemoViewController.m; sourceTree = "<group>"; };
		5458573D2B4AF6FD001E95A8 /* StackViewDemoViewController.xib */ = {isa = PBXFileReference; lastKnownFileType = file.xib; path = StackViewDemoViewController.xib; sourceTree = "<group>"; };
		54688C9D2ABCC23C007F48E8 /* MyApplication.app */ = {isa = PBXFileReference; explicitFileType = wrapper.application; includeInIndex = 0; path = MyApplication.app; sourceTree = BUILT_PRODUCTS_DIR; };
		54688CA02ABCC23C007F48E8 /* AppDelegate.h */ = {isa = PBXFileReference; lastKnownFileType = sourcecode.c.h; path = AppDelegate.h; sourceTree = "<group>"; };
		54688CA12ABCC23C007F48E8 /* AppDelegate.m */ = {isa = PBXFileReference; lastKnownFileType = sourcecode.c.objc; path = AppDelegate.m; sourceTree = "<group>"; };
		54688CA62ABCC23C007F48E8 /* ViewController.h */ = {isa = PBXFileReference; lastKnownFileType = sourcecode.c.h; path = ViewController.h; sourceTree = "<group>"; };
		54688CA72ABCC23C007F48E8 /* ViewController.m */ = {isa = PBXFileReference; lastKnownFileType = sourcecode.c.objc; path = ViewController.m; sourceTree = "<group>"; };
		54688CAC2ABCC23D007F48E8 /* Assets.xcassets */ = {isa = PBXFileReference; lastKnownFileType = folder.assetcatalog; path = Assets.xcassets; sourceTree = "<group>"; };
		54688CAF2ABCC23D007F48E8 /* Base */ = {isa = PBXFileReference; lastKnownFileType = file.storyboard; name = Base; path = Base.lproj/LaunchScreen.storyboard; sourceTree = "<group>"; };
		54688CB12ABCC23D007F48E8 /* Info.plist */ = {isa = PBXFileReference; lastKnownFileType = text.plist.xml; path = Info.plist; sourceTree = "<group>"; };
		54688CB22ABCC23D007F48E8 /* main.m */ = {isa = PBXFileReference; lastKnownFileType = sourcecode.c.objc; path = main.m; sourceTree = "<group>"; };
		54688CB82ABCC23D007F48E8 /* MyApplicationTests.xctest */ = {isa = PBXFileReference; explicitFileType = wrapper.cfbundle; includeInIndex = 0; path = MyApplicationTests.xctest; sourceTree = BUILT_PRODUCTS_DIR; };
		54688CBC2ABCC23D007F48E8 /* MyApplicationTests.m */ = {isa = PBXFileReference; lastKnownFileType = sourcecode.c.objc; path = MyApplicationTests.m; sourceTree = "<group>"; };
		54688CC22ABCC23D007F48E8 /* MyApplicationUITests.xctest */ = {isa = PBXFileReference; explicitFileType = wrapper.cfbundle; includeInIndex = 0; path = MyApplicationUITests.xctest; sourceTree = BUILT_PRODUCTS_DIR; };
		54688CC62ABCC23D007F48E8 /* MyApplicationUITests.m */ = {isa = PBXFileReference; lastKnownFileType = sourcecode.c.objc; path = MyApplicationUITests.m; sourceTree = "<group>"; };
		54688CC82ABCC23D007F48E8 /* MyApplicationUITestsLaunchTests.m */ = {isa = PBXFileReference; lastKnownFileType = sourcecode.c.objc; path = MyApplicationUITestsLaunchTests.m; sourceTree = "<group>"; };
		54CB9B972B39BAA900AF9827 /* AudioChatViewController.h */ = {isa = PBXFileReference; lastKnownFileType = sourcecode.c.h; path = AudioChatViewController.h; sourceTree = "<group>"; };
		54CB9B982B39BAA900AF9827 /* AudioChatViewController.m */ = {isa = PBXFileReference; lastKnownFileType = sourcecode.c.objc; path = AudioChatViewController.m; sourceTree = "<group>"; };
		54CB9B992B39BAA900AF9827 /* AudioChatViewController.xib */ = {isa = PBXFileReference; lastKnownFileType = file.xib; path = AudioChatViewController.xib; sourceTree = "<group>"; };
		54CB9B9C2B39CF4700AF9827 /* AudioManager.h */ = {isa = PBXFileReference; lastKnownFileType = sourcecode.c.h; path = AudioManager.h; sourceTree = "<group>"; };
		54CB9B9D2B39CF4700AF9827 /* AudioManager.m */ = {isa = PBXFileReference; lastKnownFileType = sourcecode.c.objc; path = AudioManager.m; sourceTree = "<group>"; };
		54D187E92B8AE60A00F7C1D2 /* UIView1.h */ = {isa = PBXFileReference; lastKnownFileType = sourcecode.c.h; path = UIView1.h; sourceTree = "<group>"; };
		54D187EA2B8AE60A00F7C1D2 /* UIView1.m */ = {isa = PBXFileReference; lastKnownFileType = sourcecode.c.objc; path = UIView1.m; sourceTree = "<group>"; };
		54D187EC2B8AE6AC00F7C1D2 /* UIView2.h */ = {isa = PBXFileReference; lastKnownFileType = sourcecode.c.h; path = UIView2.h; sourceTree = "<group>"; };
		54D187ED2B8AE6AC00F7C1D2 /* UIView2.m */ = {isa = PBXFileReference; lastKnownFileType = sourcecode.c.objc; path = UIView2.m; sourceTree = "<group>"; };
		54D9D1F62AF77FE300962B18 /* DemoView1.xib */ = {isa = PBXFileReference; lastKnownFileType = file.xib; path = DemoView1.xib; sourceTree = "<group>"; };
		54DB8FAB2BF9B8D3005A8561 /* XibDemoViewController.h */ = {isa = PBXFileReference; lastKnownFileType = sourcecode.c.h; path = XibDemoViewController.h; sourceTree = "<group>"; };
		54DB8FAC2BF9B8D3005A8561 /* XibDemoViewController.m */ = {isa = PBXFileReference; lastKnownFileType = sourcecode.c.objc; path = XibDemoViewController.m; sourceTree = "<group>"; };
		54DB8FAD2BF9B8D3005A8561 /* XibDemoViewController.xib */ = {isa = PBXFileReference; lastKnownFileType = file.xib; path = XibDemoViewController.xib; sourceTree = "<group>"; };
		54FB17352B8B2208000DE3D7 /* UIView3.h */ = {isa = PBXFileReference; lastKnownFileType = sourcecode.c.h; path = UIView3.h; sourceTree = "<group>"; };
		54FB17362B8B2208000DE3D7 /* UIView3.m */ = {isa = PBXFileReference; lastKnownFileType = sourcecode.c.objc; path = UIView3.m; sourceTree = "<group>"; };
		54FB17382B8B2660000DE3D7 /* UILabel1.h */ = {isa = PBXFileReference; lastKnownFileType = sourcecode.c.h; path = UILabel1.h; sourceTree = "<group>"; };
		54FB17392B8B2660000DE3D7 /* UILabel1.m */ = {isa = PBXFileReference; lastKnownFileType = sourcecode.c.objc; path = UILabel1.m; sourceTree = "<group>"; };
		54FB173B2B8B2735000DE3D7 /* UILabel2.h */ = {isa = PBXFileReference; lastKnownFileType = sourcecode.c.h; path = UILabel2.h; sourceTree = "<group>"; };
		54FB173C2B8B2735000DE3D7 /* UILabel2.m */ = {isa = PBXFileReference; lastKnownFileType = sourcecode.c.objc; path = UILabel2.m; sourceTree = "<group>"; };
		54FB173E2B8B2743000DE3D7 /* UILabel3.h */ = {isa = PBXFileReference; lastKnownFileType = sourcecode.c.h; path = UILabel3.h; sourceTree = "<group>"; };
		54FB173F2B8B2743000DE3D7 /* UILabel3.m */ = {isa = PBXFileReference; lastKnownFileType = sourcecode.c.objc; path = UILabel3.m; sourceTree = "<group>"; };
		54FB17412B8B43B6000DE3D7 /* IntrinsicContentView.h */ = {isa = PBXFileReference; lastKnownFileType = sourcecode.c.h; path = IntrinsicContentView.h; sourceTree = "<group>"; };
		54FB17422B8B43B6000DE3D7 /* IntrinsicContentView.m */ = {isa = PBXFileReference; lastKnownFileType = sourcecode.c.objc; path = IntrinsicContentView.m; sourceTree = "<group>"; };
		54FB17442B8B9736000DE3D7 /* StackViewWithScrollViewDemoViewController.h */ = {isa = PBXFileReference; lastKnownFileType = sourcecode.c.h; path = StackViewWithScrollViewDemoViewController.h; sourceTree = "<group>"; };
		54FB17452B8B9736000DE3D7 /* StackViewWithScrollViewDemoViewController.m */ = {isa = PBXFileReference; lastKnownFileType = sourcecode.c.objc; path = StackViewWithScrollViewDemoViewController.m; sourceTree = "<group>"; };
		54FB17462B8B9736000DE3D7 /* StackViewWithScrollViewDemoViewController.xib */ = {isa = PBXFileReference; lastKnownFileType = file.xib; path = StackViewWithScrollViewDemoViewController.xib; sourceTree = "<group>"; };
		75BAAB4BF0ECAC0293A9691B /* Pods-MyApplication.debug.xcconfig */ = {isa = PBXFileReference; includeInIndex = 1; lastKnownFileType = text.xcconfig; name = "Pods-MyApplication.debug.xcconfig"; path = "Target Support Files/Pods-MyApplication/Pods-MyApplication.debug.xcconfig"; sourceTree = "<group>"; };
		840A5C452C1FD81200C5A1D4 /* SDKDemo.h */ = {isa = PBXFileReference; lastKnownFileType = sourcecode.c.h; path = SDKDemo.h; sourceTree = "<group>"; };
		840A5C462C1FD81200C5A1D4 /* SDKDemo.m */ = {isa = PBXFileReference; lastKnownFileType = sourcecode.c.objc; path = SDKDemo.m; sourceTree = "<group>"; };
		84425C502BB2725E00EFCDE7 /* MemoryDemoViewController.h */ = {isa = PBXFileReference; lastKnownFileType = sourcecode.c.h; path = MemoryDemoViewController.h; sourceTree = "<group>"; };
		84425C512BB2725E00EFCDE7 /* MemoryDemoViewController.m */ = {isa = PBXFileReference; lastKnownFileType = sourcecode.c.objc; path = MemoryDemoViewController.m; sourceTree = "<group>"; };
		84425C522BB2725E00EFCDE7 /* MemoryDemoViewController.xib */ = {isa = PBXFileReference; lastKnownFileType = file.xib; path = MemoryDemoViewController.xib; sourceTree = "<group>"; };
		84425C552BB272B800EFCDE7 /* MemoryDemo.h */ = {isa = PBXFileReference; fileEncoding = 4; lastKnownFileType = sourcecode.c.h; path = MemoryDemo.h; sourceTree = "<group>"; };
		84425C562BB272B800EFCDE7 /* MemoryDemo.m */ = {isa = PBXFileReference; fileEncoding = 4; lastKnownFileType = sourcecode.c.objc; path = MemoryDemo.m; sourceTree = "<group>"; };
		84425C592BB2788000EFCDE7 /* FIFORingQueueManager.h */ = {isa = PBXFileReference; fileEncoding = 4; lastKnownFileType = sourcecode.c.h; path = FIFORingQueueManager.h; sourceTree = "<group>"; };
		84425C5A2BB2788000EFCDE7 /* FIFORingQueueManager.c */ = {isa = PBXFileReference; fileEncoding = 4; lastKnownFileType = sourcecode.c.c; path = FIFORingQueueManager.c; sourceTree = "<group>"; };
		84425C5F2BB2790300EFCDE7 /* QueueManageDefines.h */ = {isa = PBXFileReference; fileEncoding = 4; lastKnownFileType = sourcecode.c.h; path = QueueManageDefines.h; sourceTree = "<group>"; };
		84425C602BB2792F00EFCDE7 /* Defines.h */ = {isa = PBXFileReference; fileEncoding = 4; lastKnownFileType = sourcecode.c.h; path = Defines.h; sourceTree = "<group>"; };
		84425C612BB2792F00EFCDE7 /* DefineVars.h */ = {isa = PBXFileReference; fileEncoding = 4; lastKnownFileType = sourcecode.c.h; path = DefineVars.h; sourceTree = "<group>"; };
		84425C622BB2796900EFCDE7 /* HSFrameData.h */ = {isa = PBXFileReference; fileEncoding = 4; lastKnownFileType = sourcecode.c.h; path = HSFrameData.h; sourceTree = "<group>"; };
		84AF02792BB5664C004CE44A /* AudioOutput.m */ = {isa = PBXFileReference; fileEncoding = 4; lastKnownFileType = sourcecode.c.objc; path = AudioOutput.m; sourceTree = "<group>"; };
		84AF027A2BB5664C004CE44A /* AudioOutput.h */ = {isa = PBXFileReference; fileEncoding = 4; lastKnownFileType = sourcecode.c.h; path = AudioOutput.h; sourceTree = "<group>"; };
		84AF027C2BB5669A004CE44A /* AudioViewController.h */ = {isa = PBXFileReference; lastKnownFileType = sourcecode.c.h; path = AudioViewController.h; sourceTree = "<group>"; };
		84AF027D2BB5669A004CE44A /* AudioViewController.m */ = {isa = PBXFileReference; lastKnownFileType = sourcecode.c.objc; path = AudioViewController.m; sourceTree = "<group>"; };
		84AF027E2BB5669A004CE44A /* AudioViewController.xib */ = {isa = PBXFileReference; lastKnownFileType = file.xib; path = AudioViewController.xib; sourceTree = "<group>"; };
		84AF02812BB56C55004CE44A /* PermissionManager.h */ = {isa = PBXFileReference; fileEncoding = 4; lastKnownFileType = sourcecode.c.h; path = PermissionManager.h; sourceTree = "<group>"; };
		84AF02822BB56C55004CE44A /* PermissionManager.m */ = {isa = PBXFileReference; fileEncoding = 4; lastKnownFileType = sourcecode.c.objc; path = PermissionManager.m; sourceTree = "<group>"; };
		84AF028F2BBAC525004CE44A /* pcm_raw_data.raw */ = {isa = PBXFileReference; lastKnownFileType = file; path = pcm_raw_data.raw; sourceTree = "<group>"; };
		84E9F3242C2915DD00E48F52 /* SelectViewController.h */ = {isa = PBXFileReference; fileEncoding = 4; lastKnownFileType = sourcecode.c.h; path = SelectViewController.h; sourceTree = "<group>"; };
		84E9F3252C2915DD00E48F52 /* SelectUIView.h */ = {isa = PBXFileReference; fileEncoding = 4; lastKnownFileType = sourcecode.c.h; path = SelectUIView.h; sourceTree = "<group>"; };
		84E9F3262C2915DD00E48F52 /* SelectViewController.m */ = {isa = PBXFileReference; fileEncoding = 4; lastKnownFileType = sourcecode.c.objc; path = SelectViewController.m; sourceTree = "<group>"; };
		84E9F3272C2915DD00E48F52 /* SelectUIView.m */ = {isa = PBXFileReference; fileEncoding = 4; lastKnownFileType = sourcecode.c.objc; path = SelectUIView.m; sourceTree = "<group>"; };
		84E9F3292C2915DD00E48F52 /* TimerDemoViewController.xib */ = {isa = PBXFileReference; fileEncoding = 4; lastKnownFileType = file.xib; path = TimerDemoViewController.xib; sourceTree = "<group>"; };
		84E9F32A2C2915DD00E48F52 /* TimerDemoViewController.m */ = {isa = PBXFileReference; fileEncoding = 4; lastKnownFileType = sourcecode.c.objc; path = TimerDemoViewController.m; sourceTree = "<group>"; };
		84E9F32B2C2915DD00E48F52 /* TimerDemoViewController.h */ = {isa = PBXFileReference; fileEncoding = 4; lastKnownFileType = sourcecode.c.h; path = TimerDemoViewController.h; sourceTree = "<group>"; };
		E096DE66C3698E2F71727597 /* Pods-MyApplication.release.xcconfig */ = {isa = PBXFileReference; includeInIndex = 1; lastKnownFileType = text.xcconfig; name = "Pods-MyApplication.release.xcconfig"; path = "Target Support Files/Pods-MyApplication/Pods-MyApplication.release.xcconfig"; sourceTree = "<group>"; };
/* End PBXFileReference section */

/* Begin PBXFrameworksBuildPhase section */
		54688C9A2ABCC23C007F48E8 /* Frameworks */ = {
			isa = PBXFrameworksBuildPhase;
			buildActionMask = 2147483647;
			files = (
				30ADAF637B99EB614AADEEE0 /* Pods_MyApplication.framework in Frameworks */,
			);
			runOnlyForDeploymentPostprocessing = 0;
		};
		54688CB52ABCC23D007F48E8 /* Frameworks */ = {
			isa = PBXFrameworksBuildPhase;
			buildActionMask = 2147483647;
			files = (
			);
			runOnlyForDeploymentPostprocessing = 0;
		};
		54688CBF2ABCC23D007F48E8 /* Frameworks */ = {
			isa = PBXFrameworksBuildPhase;
			buildActionMask = 2147483647;
			files = (
			);
			runOnlyForDeploymentPostprocessing = 0;
		};
/* End PBXFrameworksBuildPhase section */

/* Begin PBXGroup section */
		54134B332AD761EC007FBE7C /* tools */ = {
			isa = PBXGroup;
			children = (
				54134B342AD7620A007FBE7C /* HSColorUtils.h */,
				54134B352AD7620A007FBE7C /* HSColorUtils.m */,
			);
			path = tools;
			sourceTree = "<group>";
		};
		54134B372AD784BB007FBE7C /* MasonryDemo */ = {
			isa = PBXGroup;
			children = (
				54134B382AD784D4007FBE7C /* MasonryDemoViewController.h */,
				54134B392AD784D4007FBE7C /* MasonryDemoViewController.m */,
				54D9D1F62AF77FE300962B18 /* DemoView1.xib */,
			);
			path = MasonryDemo;
			sourceTree = "<group>";
		};
		54134B3B2ADD8216007FBE7C /* YuvDemo */ = {
			isa = PBXGroup;
			children = (
				54134BF72ADEEF24007FBE7C /* libyuv */,
				54134B3C2ADD822D007FBE7C /* YUVDemoViewController.h */,
				54134B3D2ADD822D007FBE7C /* YUVDemoViewController.m */,
			);
			path = YuvDemo;
			sourceTree = "<group>";
		};
		54134BF72ADEEF24007FBE7C /* libyuv */ = {
			isa = PBXGroup;
			children = (
				54134BF82ADEEF24007FBE7C /* util */,
				54134BFB2ADEEF24007FBE7C /* include */,
				54134C152ADEEF24007FBE7C /* source */,
			);
			path = libyuv;
			sourceTree = "<group>";
		};
		54134BF82ADEEF24007FBE7C /* util */ = {
			isa = PBXGroup;
			children = (
				54134BF92ADEEF24007FBE7C /* yuv_compress.h */,
				54134BFA2ADEEF24007FBE7C /* yuv_compress.cc */,
			);
			path = util;
			sourceTree = "<group>";
		};
		54134BFB2ADEEF24007FBE7C /* include */ = {
			isa = PBXGroup;
			children = (
				54134BFC2ADEEF24007FBE7C /* libyuv.h */,
				54134BFD2ADEEF24007FBE7C /* libyuv */,
			);
			path = include;
			sourceTree = "<group>";
		};
		54134BFD2ADEEF24007FBE7C /* libyuv */ = {
			isa = PBXGroup;
			children = (
				54134BFE2ADEEF24007FBE7C /* scale_row.h */,
				54134BFF2ADEEF24007FBE7C /* scale.h */,
				54134C002ADEEF24007FBE7C /* version.h */,
				54134C012ADEEF24007FBE7C /* cpu_id.h */,
				54134C022ADEEF24007FBE7C /* video_common.h */,
				54134C032ADEEF24007FBE7C /* compare_row.h */,
				54134C042ADEEF24007FBE7C /* mjpeg_decoder.h */,
				54134C052ADEEF24007FBE7C /* rotate_row.h */,
				54134C062ADEEF24007FBE7C /* planar_functions.h */,
				54134C072ADEEF24007FBE7C /* scale_argb.h */,
				54134C082ADEEF24007FBE7C /* compare.h */,
				54134C092ADEEF24007FBE7C /* convert_argb.h */,
				54134C0A2ADEEF24007FBE7C /* rotate.h */,
				54134C0B2ADEEF24007FBE7C /* convert_from_argb.h */,
				54134C0C2ADEEF24007FBE7C /* basic_types.h */,
				54134C0D2ADEEF24007FBE7C /* scale_uv.h */,
				54134C0E2ADEEF24007FBE7C /* loongson_intrinsics.h */,
				54134C0F2ADEEF24007FBE7C /* convert_from.h */,
				54134C102ADEEF24007FBE7C /* convert.h */,
				54134C112ADEEF24007FBE7C /* rotate_argb.h */,
				54134C122ADEEF24007FBE7C /* scale_rgb.h */,
				54134C132ADEEF24007FBE7C /* macros_msa.h */,
				54134C142ADEEF24007FBE7C /* row.h */,
			);
			path = libyuv;
			sourceTree = "<group>";
		};
		54134C152ADEEF24007FBE7C /* source */ = {
			isa = PBXGroup;
			children = (
				54134C162ADEEF24007FBE7C /* compare_mmi.cc */,
				54134C172ADEEF24007FBE7C /* rotate_common.cc */,
				54134C182ADEEF24007FBE7C /* scale_rgb.cc */,
				54134C192ADEEF24007FBE7C /* rotate_any.cc */,
				54134C1A2ADEEF24007FBE7C /* rotate.cc */,
				54134C1B2ADEEF24007FBE7C /* row_mmi.cc */,
				54134C1C2ADEEF24007FBE7C /* scale_gcc.cc */,
				54134C1D2ADEEF24007FBE7C /* convert_jpeg.cc */,
				54134C1E2ADEEF24007FBE7C /* compare_win.cc */,
				54134C1F2ADEEF24007FBE7C /* cpu_id.cc */,
				54134C202ADEEF24007FBE7C /* row_win.cc */,
				54134C212ADEEF24007FBE7C /* mjpeg_decoder.cc */,
				54134C222ADEEF24007FBE7C /* row_neon.cc */,
				54134C232ADEEF24007FBE7C /* rotate_neon64.cc */,
				54134C242ADEEF24007FBE7C /* row_lasx.cc */,
				54134C252ADEEF24007FBE7C /* scale.cc */,
				54134C262ADEEF24007FBE7C /* compare.cc */,
				54134C272ADEEF24007FBE7C /* row_neon64.cc */,
				54134C282ADEEF24007FBE7C /* convert_from_argb.cc */,
				54134C292ADEEF24007FBE7C /* compare_msa.cc */,
				54134C2A2ADEEF24007FBE7C /* planar_functions.cc */,
				54134C2B2ADEEF24007FBE7C /* row_lsx.cc */,
				54134C2C2ADEEF24007FBE7C /* row_msa.cc */,
				54134C2D2ADEEF24007FBE7C /* convert_argb.cc */,
				54134C2E2ADEEF24007FBE7C /* row_common.cc */,
				54134C2F2ADEEF24007FBE7C /* scale_any.cc */,
				54134C302ADEEF24007FBE7C /* rotate_gcc.cc */,
				54134C312ADEEF24007FBE7C /* convert.cc */,
				54134C322ADEEF24007FBE7C /* convert_from.cc */,
				54134C332ADEEF24007FBE7C /* scale_common.cc */,
				54134C342ADEEF24007FBE7C /* rotate_mmi.cc */,
				54134C352ADEEF24007FBE7C /* row_any.cc */,
				54134C362ADEEF24007FBE7C /* scale_uv.cc */,
				54134C372ADEEF24007FBE7C /* convert_to_argb.cc */,
				54134C382ADEEF24007FBE7C /* compare_neon.cc */,
				54134C392ADEEF24007FBE7C /* rotate_win.cc */,
				54134C3A2ADEEF24007FBE7C /* scale_msa.cc */,
				54134C3B2ADEEF24007FBE7C /* scale_lsx.cc */,
				54134C3C2ADEEF24007FBE7C /* scale_neon64.cc */,
				54134C3D2ADEEF24007FBE7C /* mjpeg_validate.cc */,
				54134C3E2ADEEF24007FBE7C /* scale_win.cc */,
				54134C3F2ADEEF24007FBE7C /* compare_common.cc */,
				54134C402ADEEF24007FBE7C /* rotate_msa.cc */,
				54134C412ADEEF24007FBE7C /* rotate_lsx.cc */,
				54134C422ADEEF24007FBE7C /* scale_neon.cc */,
				54134C432ADEEF24007FBE7C /* rotate_neon.cc */,
				54134C442ADEEF24007FBE7C /* video_common.cc */,
				54134C452ADEEF24007FBE7C /* scale_mmi.cc */,
				54134C462ADEEF24007FBE7C /* convert_to_i420.cc */,
				54134C472ADEEF24007FBE7C /* row_gcc.cc */,
				54134C482ADEEF24007FBE7C /* test.sh */,
				54134C492ADEEF24007FBE7C /* rotate_argb.cc */,
				54134C4A2ADEEF24007FBE7C /* compare_gcc.cc */,
				54134C4B2ADEEF24007FBE7C /* compare_neon64.cc */,
				54134C4C2ADEEF24007FBE7C /* scale_argb.cc */,
			);
			path = source;
			sourceTree = "<group>";
		};
		54374ADA2B62B59600A16BE3 /* SegmentViewDemo */ = {
			isa = PBXGroup;
			children = (
				54374ADB2B62B5C700A16BE3 /* SegmentViewController.h */,
				54374ADC2B62B5C700A16BE3 /* SegmentViewController.m */,
				54374ADD2B62B5C700A16BE3 /* SegmentViewController.xib */,
			);
			path = SegmentViewDemo;
			sourceTree = "<group>";
		};
		5458573A2B4AF6D4001E95A8 /* StackViewDemo */ = {
			isa = PBXGroup;
			children = (
				5458573B2B4AF6FD001E95A8 /* StackViewDemoViewController.h */,
				5458573C2B4AF6FD001E95A8 /* StackViewDemoViewController.m */,
				5458573D2B4AF6FD001E95A8 /* StackViewDemoViewController.xib */,
				54D187E92B8AE60A00F7C1D2 /* UIView1.h */,
				54D187EA2B8AE60A00F7C1D2 /* UIView1.m */,
				54D187EC2B8AE6AC00F7C1D2 /* UIView2.h */,
				54D187ED2B8AE6AC00F7C1D2 /* UIView2.m */,
				54FB17352B8B2208000DE3D7 /* UIView3.h */,
				54FB17362B8B2208000DE3D7 /* UIView3.m */,
				54FB17382B8B2660000DE3D7 /* UILabel1.h */,
				54FB17392B8B2660000DE3D7 /* UILabel1.m */,
				54FB173B2B8B2735000DE3D7 /* UILabel2.h */,
				54FB173C2B8B2735000DE3D7 /* UILabel2.m */,
				54FB173E2B8B2743000DE3D7 /* UILabel3.h */,
				54FB173F2B8B2743000DE3D7 /* UILabel3.m */,
				54FB17412B8B43B6000DE3D7 /* IntrinsicContentView.h */,
				54FB17422B8B43B6000DE3D7 /* IntrinsicContentView.m */,
				54FB17442B8B9736000DE3D7 /* StackViewWithScrollViewDemoViewController.h */,
				54FB17452B8B9736000DE3D7 /* StackViewWithScrollViewDemoViewController.m */,
				54FB17462B8B9736000DE3D7 /* StackViewWithScrollViewDemoViewController.xib */,
			);
			path = StackViewDemo;
			sourceTree = "<group>";
		};
		54688C942ABCC23C007F48E8 = {
			isa = PBXGroup;
			children = (
				54688C9F2ABCC23C007F48E8 /* MyApplication */,
				54688CBB2ABCC23D007F48E8 /* MyApplicationTests */,
				54688CC52ABCC23D007F48E8 /* MyApplicationUITests */,
				54688C9E2ABCC23C007F48E8 /* Products */,
				CABE29053E04530A744E0DAE /* Pods */,
				C7B8292176E27066346E3E52 /* Frameworks */,
			);
			sourceTree = "<group>";
		};
		54688C9E2ABCC23C007F48E8 /* Products */ = {
			isa = PBXGroup;
			children = (
				54688C9D2ABCC23C007F48E8 /* MyApplication.app */,
				54688CB82ABCC23D007F48E8 /* MyApplicationTests.xctest */,
				54688CC22ABCC23D007F48E8 /* MyApplicationUITests.xctest */,
			);
			name = Products;
			sourceTree = "<group>";
		};
		54688C9F2ABCC23C007F48E8 /* MyApplication */ = {
			isa = PBXGroup;
			children = (
				84E9F3232C2915DD00E48F52 /* SelectViewDemo */,
				84E9F3282C2915DD00E48F52 /* TimerDemo */,
				840A5BDD2C1FD52B00C5A1D4 /* SDKImportDemo */,
				54DB8FAA2BF9B8BD005A8561 /* xib自适应 */,
				84AF02912BBAC556004CE44A /* Resources */,
				84AF02782BB56622004CE44A /* AudioDemo */,
				84425C4F2BB2724500EFCDE7 /* MemoryDemo */,
				54374ADA2B62B59600A16BE3 /* SegmentViewDemo */,
				5458573A2B4AF6D4001E95A8 /* StackViewDemo */,
				54CB9B962B39A01800AF9827 /* AudioChat */,
				54134B3B2ADD8216007FBE7C /* YuvDemo */,
				54134B372AD784BB007FBE7C /* MasonryDemo */,
				54134B2F2AD75ACE007FBE7C /* SceneDelegate.h */,
				54134B2E2AD75ACE007FBE7C /* SceneDelegate.m */,
				54688CA02ABCC23C007F48E8 /* AppDelegate.h */,
				54688CA12ABCC23C007F48E8 /* AppDelegate.m */,
				54688CA62ABCC23C007F48E8 /* ViewController.h */,
				54688CA72ABCC23C007F48E8 /* ViewController.m */,
				54134B332AD761EC007FBE7C /* tools */,
				54688CAC2ABCC23D007F48E8 /* Assets.xcassets */,
				54688CAE2ABCC23D007F48E8 /* LaunchScreen.storyboard */,
				54688CB12ABCC23D007F48E8 /* Info.plist */,
				54688CB22ABCC23D007F48E8 /* main.m */,
				54134B322AD760D7007FBE7C /* PrefixHeader.pch */,
			);
			path = MyApplication;
			sourceTree = "<group>";
		};
		54688CBB2ABCC23D007F48E8 /* MyApplicationTests */ = {
			isa = PBXGroup;
			children = (
				54688CBC2ABCC23D007F48E8 /* MyApplicationTests.m */,
			);
			path = MyApplicationTests;
			sourceTree = "<group>";
		};
		54688CC52ABCC23D007F48E8 /* MyApplicationUITests */ = {
			isa = PBXGroup;
			children = (
				54688CC62ABCC23D007F48E8 /* MyApplicationUITests.m */,
				54688CC82ABCC23D007F48E8 /* MyApplicationUITestsLaunchTests.m */,
			);
			path = MyApplicationUITests;
			sourceTree = "<group>";
		};
		54CB9B962B39A01800AF9827 /* AudioChat */ = {
			isa = PBXGroup;
			children = (
				54CB9B972B39BAA900AF9827 /* AudioChatViewController.h */,
				54CB9B982B39BAA900AF9827 /* AudioChatViewController.m */,
				54CB9B992B39BAA900AF9827 /* AudioChatViewController.xib */,
				54CB9B9C2B39CF4700AF9827 /* AudioManager.h */,
				54CB9B9D2B39CF4700AF9827 /* AudioManager.m */,
			);
			path = AudioChat;
			sourceTree = "<group>";
		};
		54DB8FAA2BF9B8BD005A8561 /* xib自适应 */ = {
			isa = PBXGroup;
			children = (
				54DB8FAB2BF9B8D3005A8561 /* XibDemoViewController.h */,
				54DB8FAC2BF9B8D3005A8561 /* XibDemoViewController.m */,
				54DB8FAD2BF9B8D3005A8561 /* XibDemoViewController.xib */,
			);
			path = "xib自适应";
			sourceTree = "<group>";
		};
		840A5BDD2C1FD52B00C5A1D4 /* SDKImportDemo */ = {
			isa = PBXGroup;
			children = (
				840A5C452C1FD81200C5A1D4 /* SDKDemo.h */,
				840A5C462C1FD81200C5A1D4 /* SDKDemo.m */,
			);
			path = SDKImportDemo;
			sourceTree = "<group>";
		};
		84425C4F2BB2724500EFCDE7 /* MemoryDemo */ = {
			isa = PBXGroup;
			children = (
				84425C582BB2786A00EFCDE7 /* QueueDemo */,
				84425C552BB272B800EFCDE7 /* MemoryDemo.h */,
				84425C562BB272B800EFCDE7 /* MemoryDemo.m */,
				84425C502BB2725E00EFCDE7 /* MemoryDemoViewController.h */,
				84425C512BB2725E00EFCDE7 /* MemoryDemoViewController.m */,
				84425C522BB2725E00EFCDE7 /* MemoryDemoViewController.xib */,
			);
			path = MemoryDemo;
			sourceTree = "<group>";
		};
		84425C582BB2786A00EFCDE7 /* QueueDemo */ = {
			isa = PBXGroup;
			children = (
				84425C622BB2796900EFCDE7 /* HSFrameData.h */,
				84425C602BB2792F00EFCDE7 /* Defines.h */,
				84425C612BB2792F00EFCDE7 /* DefineVars.h */,
				84425C5F2BB2790300EFCDE7 /* QueueManageDefines.h */,
				84425C5A2BB2788000EFCDE7 /* FIFORingQueueManager.c */,
				84425C592BB2788000EFCDE7 /* FIFORingQueueManager.h */,
			);
			path = QueueDemo;
			sourceTree = "<group>";
		};
		84AF02782BB56622004CE44A /* AudioDemo */ = {
			isa = PBXGroup;
			children = (
				84AF02812BB56C55004CE44A /* PermissionManager.h */,
				84AF02822BB56C55004CE44A /* PermissionManager.m */,
				84AF027A2BB5664C004CE44A /* AudioOutput.h */,
				84AF02792BB5664C004CE44A /* AudioOutput.m */,
				84AF027C2BB5669A004CE44A /* AudioViewController.h */,
				84AF027D2BB5669A004CE44A /* AudioViewController.m */,
				84AF027E2BB5669A004CE44A /* AudioViewController.xib */,
			);
			path = AudioDemo;
			sourceTree = "<group>";
		};
		84AF02912BBAC556004CE44A /* Resources */ = {
			isa = PBXGroup;
			children = (
				84AF028F2BBAC525004CE44A /* pcm_raw_data.raw */,
			);
			path = Resources;
			sourceTree = "<group>";
		};
		84E9F3232C2915DD00E48F52 /* SelectViewDemo */ = {
			isa = PBXGroup;
			children = (
				84E9F3242C2915DD00E48F52 /* SelectViewController.h */,
				84E9F3252C2915DD00E48F52 /* SelectUIView.h */,
				84E9F3262C2915DD00E48F52 /* SelectViewController.m */,
				84E9F3272C2915DD00E48F52 /* SelectUIView.m */,
			);
			path = SelectViewDemo;
			sourceTree = "<group>";
		};
		84E9F3282C2915DD00E48F52 /* TimerDemo */ = {
			isa = PBXGroup;
			children = (
				84E9F3292C2915DD00E48F52 /* TimerDemoViewController.xib */,
				84E9F32A2C2915DD00E48F52 /* TimerDemoViewController.m */,
				84E9F32B2C2915DD00E48F52 /* TimerDemoViewController.h */,
			);
			path = TimerDemo;
			sourceTree = "<group>";
		};
		C7B8292176E27066346E3E52 /* Frameworks */ = {
			isa = PBXGroup;
			children = (
				534E4F79B2184BF55889587A /* Pods_MyApplication.framework */,
			);
			name = Frameworks;
			sourceTree = "<group>";
		};
		CABE29053E04530A744E0DAE /* Pods */ = {
			isa = PBXGroup;
			children = (
				75BAAB4BF0ECAC0293A9691B /* Pods-MyApplication.debug.xcconfig */,
				E096DE66C3698E2F71727597 /* Pods-MyApplication.release.xcconfig */,
			);
			path = Pods;
			sourceTree = "<group>";
		};
/* End PBXGroup section */

/* Begin PBXNativeTarget section */
		54688C9C2ABCC23C007F48E8 /* MyApplication */ = {
			isa = PBXNativeTarget;
			buildConfigurationList = 54688CCC2ABCC23D007F48E8 /* Build configuration list for PBXNativeTarget "MyApplication" */;
			buildPhases = (
				3B41E66BBC792A12E47DA254 /* [CP] Check Pods Manifest.lock */,
				54688C992ABCC23C007F48E8 /* Sources */,
				54688C9A2ABCC23C007F48E8 /* Frameworks */,
				54688C9B2ABCC23C007F48E8 /* Resources */,
				8368D8ED376FD38E2F0D303F /* [CP] Embed Pods Frameworks */,
			);
			buildRules = (
			);
			dependencies = (
			);
			name = MyApplication;
			productName = MyApplication;
			productReference = 54688C9D2ABCC23C007F48E8 /* MyApplication.app */;
			productType = "com.apple.product-type.application";
		};
		54688CB72ABCC23D007F48E8 /* MyApplicationTests */ = {
			isa = PBXNativeTarget;
			buildConfigurationList = 54688CCF2ABCC23D007F48E8 /* Build configuration list for PBXNativeTarget "MyApplicationTests" */;
			buildPhases = (
				54688CB42ABCC23D007F48E8 /* Sources */,
				54688CB52ABCC23D007F48E8 /* Frameworks */,
				54688CB62ABCC23D007F48E8 /* Resources */,
			);
			buildRules = (
			);
			dependencies = (
				54688CBA2ABCC23D007F48E8 /* PBXTargetDependency */,
			);
			name = MyApplicationTests;
			productName = MyApplicationTests;
			productReference = 54688CB82ABCC23D007F48E8 /* MyApplicationTests.xctest */;
			productType = "com.apple.product-type.bundle.unit-test";
		};
		54688CC12ABCC23D007F48E8 /* MyApplicationUITests */ = {
			isa = PBXNativeTarget;
			buildConfigurationList = 54688CD22ABCC23D007F48E8 /* Build configuration list for PBXNativeTarget "MyApplicationUITests" */;
			buildPhases = (
				54688CBE2ABCC23D007F48E8 /* Sources */,
				54688CBF2ABCC23D007F48E8 /* Frameworks */,
				54688CC02ABCC23D007F48E8 /* Resources */,
			);
			buildRules = (
			);
			dependencies = (
				54688CC42ABCC23D007F48E8 /* PBXTargetDependency */,
			);
			name = MyApplicationUITests;
			productName = MyApplicationUITests;
			productReference = 54688CC22ABCC23D007F48E8 /* MyApplicationUITests.xctest */;
			productType = "com.apple.product-type.bundle.ui-testing";
		};
/* End PBXNativeTarget section */

/* Begin PBXProject section */
		54688C952ABCC23C007F48E8 /* Project object */ = {
			isa = PBXProject;
			attributes = {
				BuildIndependentTargetsInParallel = 1;
				LastUpgradeCheck = 1430;
				TargetAttributes = {
					54688C9C2ABCC23C007F48E8 = {
						CreatedOnToolsVersion = 14.3.1;
					};
					54688CB72ABCC23D007F48E8 = {
						CreatedOnToolsVersion = 14.3.1;
						TestTargetID = 54688C9C2ABCC23C007F48E8;
					};
					54688CC12ABCC23D007F48E8 = {
						CreatedOnToolsVersion = 14.3.1;
						TestTargetID = 54688C9C2ABCC23C007F48E8;
					};
				};
			};
			buildConfigurationList = 54688C982ABCC23C007F48E8 /* Build configuration list for PBXProject "MyApplication" */;
			compatibilityVersion = "Xcode 15.0";
			developmentRegion = en;
			hasScannedForEncodings = 0;
			knownRegions = (
				en,
				Base,
			);
			mainGroup = 54688C942ABCC23C007F48E8;
			productRefGroup = 54688C9E2ABCC23C007F48E8 /* Products */;
			projectDirPath = "";
			projectRoot = "";
			targets = (
				54688C9C2ABCC23C007F48E8 /* MyApplication */,
				54688CB72ABCC23D007F48E8 /* MyApplicationTests */,
				54688CC12ABCC23D007F48E8 /* MyApplicationUITests */,
			);
		};
/* End PBXProject section */

/* Begin PBXResourcesBuildPhase section */
		54688C9B2ABCC23C007F48E8 /* Resources */ = {
			isa = PBXResourcesBuildPhase;
			buildActionMask = 2147483647;
			files = (
				54134C802ADEEF24007FBE7C /* test.sh in Resources */,
				54FB17482B8B9736000DE3D7 /* StackViewWithScrollViewDemoViewController.xib in Resources */,
				5458573F2B4AF6FD001E95A8 /* StackViewDemoViewController.xib in Resources */,
				54688CB02ABCC23D007F48E8 /* LaunchScreen.storyboard in Resources */,
				54374ADF2B62B5C700A16BE3 /* SegmentViewController.xib in Resources */,
				84E9F32E2C2915DE00E48F52 /* TimerDemoViewController.xib in Resources */,
				84AF02902BBAC525004CE44A /* pcm_raw_data.raw in Resources */,
				54688CAD2ABCC23D007F48E8 /* Assets.xcassets in Resources */,
				54D9D1F72AF77FE300962B18 /* DemoView1.xib in Resources */,
				84AF02802BB5669A004CE44A /* AudioViewController.xib in Resources */,
				54DB8FAF2BF9B8D3005A8561 /* XibDemoViewController.xib in Resources */,
				54CB9B9B2B39BAA900AF9827 /* AudioChatViewController.xib in Resources */,
				84425C542BB2725E00EFCDE7 /* MemoryDemoViewController.xib in Resources */,
			);
			runOnlyForDeploymentPostprocessing = 0;
		};
		54688CB62ABCC23D007F48E8 /* Resources */ = {
			isa = PBXResourcesBuildPhase;
			buildActionMask = 2147483647;
			files = (
			);
			runOnlyForDeploymentPostprocessing = 0;
		};
		54688CC02ABCC23D007F48E8 /* Resources */ = {
			isa = PBXResourcesBuildPhase;
			buildActionMask = 2147483647;
			files = (
			);
			runOnlyForDeploymentPostprocessing = 0;
		};
/* End PBXResourcesBuildPhase section */

/* Begin PBXShellScriptBuildPhase section */
		3B41E66BBC792A12E47DA254 /* [CP] Check Pods Manifest.lock */ = {
			isa = PBXShellScriptBuildPhase;
			buildActionMask = 2147483647;
			files = (
			);
			inputFileListPaths = (
			);
			inputPaths = (
				"${PODS_PODFILE_DIR_PATH}/Podfile.lock",
				"${PODS_ROOT}/Manifest.lock",
			);
			name = "[CP] Check Pods Manifest.lock";
			outputFileListPaths = (
			);
			outputPaths = (
				"$(DERIVED_FILE_DIR)/Pods-MyApplication-checkManifestLockResult.txt",
			);
			runOnlyForDeploymentPostprocessing = 0;
			shellPath = /bin/sh;
			shellScript = "diff \"${PODS_PODFILE_DIR_PATH}/Podfile.lock\" \"${PODS_ROOT}/Manifest.lock\" > /dev/null\nif [ $? != 0 ] ; then\n    # print error to STDERR\n    echo \"error: The sandbox is not in sync with the Podfile.lock. Run 'pod install' or update your CocoaPods installation.\" >&2\n    exit 1\nfi\n# This output is used by Xcode 'outputs' to avoid re-running this script phase.\necho \"SUCCESS\" > \"${SCRIPT_OUTPUT_FILE_0}\"\n";
			showEnvVarsInLog = 0;
		};
		8368D8ED376FD38E2F0D303F /* [CP] Embed Pods Frameworks */ = {
			isa = PBXShellScriptBuildPhase;
			buildActionMask = 2147483647;
			files = (
			);
			inputFileListPaths = (
				"${PODS_ROOT}/Target Support Files/Pods-MyApplication/Pods-MyApplication-frameworks-${CONFIGURATION}-input-files.xcfilelist",
			);
			name = "[CP] Embed Pods Frameworks";
			outputFileListPaths = (
				"${PODS_ROOT}/Target Support Files/Pods-MyApplication/Pods-MyApplication-frameworks-${CONFIGURATION}-output-files.xcfilelist",
			);
			runOnlyForDeploymentPostprocessing = 0;
			shellPath = /bin/sh;
			shellScript = "\"${PODS_ROOT}/Target Support Files/Pods-MyApplication/Pods-MyApplication-frameworks.sh\"\n";
			showEnvVarsInLog = 0;
		};
/* End PBXShellScriptBuildPhase section */

/* Begin PBXSourcesBuildPhase section */
		54688C992ABCC23C007F48E8 /* Sources */ = {
			isa = PBXSourcesBuildPhase;
			buildActionMask = 2147483647;
			files = (
				54CB9B9A2B39BAA900AF9827 /* AudioChatViewController.m in Sources */,
				54134C5A2ADEEF24007FBE7C /* row_neon.cc in Sources */,
				54134C712ADEEF24007FBE7C /* rotate_win.cc in Sources */,
				54134C842ADEEF24007FBE7C /* scale_argb.cc in Sources */,
				54134C7D2ADEEF24007FBE7C /* scale_mmi.cc in Sources */,
				84E9F32F2C2915DE00E48F52 /* TimerDemoViewController.m in Sources */,
				54134C7E2ADEEF24007FBE7C /* convert_to_i420.cc in Sources */,
				54134C4E2ADEEF24007FBE7C /* compare_mmi.cc in Sources */,
				54134C622ADEEF24007FBE7C /* planar_functions.cc in Sources */,
				54688CA82ABCC23C007F48E8 /* ViewController.m in Sources */,
				84AF027F2BB5669A004CE44A /* AudioViewController.m in Sources */,
				54134C662ADEEF24007FBE7C /* row_common.cc in Sources */,
				54134C732ADEEF24007FBE7C /* scale_lsx.cc in Sources */,
				54134C832ADEEF24007FBE7C /* compare_neon64.cc in Sources */,
				54374ADE2B62B5C700A16BE3 /* SegmentViewController.m in Sources */,
				54FB17432B8B43B6000DE3D7 /* IntrinsicContentView.m in Sources */,
				54134C6D2ADEEF24007FBE7C /* row_any.cc in Sources */,
				54688CA22ABCC23C007F48E8 /* AppDelegate.m in Sources */,
				54134C5B2ADEEF24007FBE7C /* rotate_neon64.cc in Sources */,
				54D187EB2B8AE60A00F7C1D2 /* UIView1.m in Sources */,
				54134C4D2ADEEF24007FBE7C /* yuv_compress.cc in Sources */,
				54134C722ADEEF24007FBE7C /* scale_msa.cc in Sources */,
				54134C592ADEEF24007FBE7C /* mjpeg_decoder.cc in Sources */,
				54134C562ADEEF24007FBE7C /* compare_win.cc in Sources */,
				54134C532ADEEF24007FBE7C /* row_mmi.cc in Sources */,
				54134C5E2ADEEF24007FBE7C /* compare.cc in Sources */,
				54DB8FAE2BF9B8D3005A8561 /* XibDemoViewController.m in Sources */,
				54134C522ADEEF24007FBE7C /* rotate.cc in Sources */,
				54CB9B9E2B39CF4700AF9827 /* AudioManager.m in Sources */,
				54134C752ADEEF24007FBE7C /* mjpeg_validate.cc in Sources */,
				54134C6C2ADEEF24007FBE7C /* rotate_mmi.cc in Sources */,
				54134C642ADEEF24007FBE7C /* row_msa.cc in Sources */,
				54FB17472B8B9736000DE3D7 /* StackViewWithScrollViewDemoViewController.m in Sources */,
				54134C7C2ADEEF24007FBE7C /* video_common.cc in Sources */,
				54688CB32ABCC23D007F48E8 /* main.m in Sources */,
				54134C6B2ADEEF24007FBE7C /* scale_common.cc in Sources */,
				84425C572BB272B800EFCDE7 /* MemoryDemo.m in Sources */,
				54134C7B2ADEEF24007FBE7C /* rotate_neon.cc in Sources */,
				54134C7F2ADEEF24007FBE7C /* row_gcc.cc in Sources */,
				54134C4F2ADEEF24007FBE7C /* rotate_common.cc in Sources */,
				54134C612ADEEF24007FBE7C /* compare_msa.cc in Sources */,
				54FB173D2B8B2735000DE3D7 /* UILabel2.m in Sources */,
				54134C6F2ADEEF24007FBE7C /* convert_to_argb.cc in Sources */,
				54134C782ADEEF24007FBE7C /* rotate_msa.cc in Sources */,
				54134C602ADEEF24007FBE7C /* convert_from_argb.cc in Sources */,
				54134C572ADEEF24007FBE7C /* cpu_id.cc in Sources */,
				84AF027B2BB5664C004CE44A /* AudioOutput.m in Sources */,
				54134B362AD7620A007FBE7C /* HSColorUtils.m in Sources */,
				5458573E2B4AF6FD001E95A8 /* StackViewDemoViewController.m in Sources */,
				54134C582ADEEF24007FBE7C /* row_win.cc in Sources */,
				54134C5C2ADEEF24007FBE7C /* row_lasx.cc in Sources */,
				54134C702ADEEF24007FBE7C /* compare_neon.cc in Sources */,
				54134C632ADEEF24007FBE7C /* row_lsx.cc in Sources */,
				54134C762ADEEF24007FBE7C /* scale_win.cc in Sources */,
				54134C692ADEEF24007FBE7C /* convert.cc in Sources */,
				54134C672ADEEF24007FBE7C /* scale_any.cc in Sources */,
				54134C552ADEEF24007FBE7C /* convert_jpeg.cc in Sources */,
				54134C512ADEEF24007FBE7C /* rotate_any.cc in Sources */,
				54134C682ADEEF24007FBE7C /* rotate_gcc.cc in Sources */,
				54134C502ADEEF24007FBE7C /* scale_rgb.cc in Sources */,
				54134B302AD75ACE007FBE7C /* SceneDelegate.m in Sources */,
				54134C812ADEEF24007FBE7C /* rotate_argb.cc in Sources */,
				54134C772ADEEF24007FBE7C /* compare_common.cc in Sources */,
				54134C5D2ADEEF24007FBE7C /* scale.cc in Sources */,
				840A5C472C1FD81200C5A1D4 /* SDKDemo.m in Sources */,
				54FB17372B8B2208000DE3D7 /* UIView3.m in Sources */,
				54134C822ADEEF24007FBE7C /* compare_gcc.cc in Sources */,
				54134C6A2ADEEF24007FBE7C /* convert_from.cc in Sources */,
				84425C532BB2725E00EFCDE7 /* MemoryDemoViewController.m in Sources */,
				84AF02832BB56C55004CE44A /* PermissionManager.m in Sources */,
				54134C6E2ADEEF24007FBE7C /* scale_uv.cc in Sources */,
				84E9F32D2C2915DE00E48F52 /* SelectUIView.m in Sources */,
				54134C7A2ADEEF24007FBE7C /* scale_neon.cc in Sources */,
				54134C5F2ADEEF24007FBE7C /* row_neon64.cc in Sources */,
				54134C792ADEEF24007FBE7C /* rotate_lsx.cc in Sources */,
				54134C542ADEEF24007FBE7C /* scale_gcc.cc in Sources */,
				54D187EE2B8AE6AC00F7C1D2 /* UIView2.m in Sources */,
				54134B3E2ADD822D007FBE7C /* YUVDemoViewController.m in Sources */,
				84E9F32C2C2915DE00E48F52 /* SelectViewController.m in Sources */,
				84425C5B2BB2788000EFCDE7 /* FIFORingQueueManager.c in Sources */,
				54FB173A2B8B2660000DE3D7 /* UILabel1.m in Sources */,
				54134C742ADEEF24007FBE7C /* scale_neon64.cc in Sources */,
				54134B3A2AD784D4007FBE7C /* MasonryDemoViewController.m in Sources */,
				54FB17402B8B2743000DE3D7 /* UILabel3.m in Sources */,
				54134C652ADEEF24007FBE7C /* convert_argb.cc in Sources */,
			);
			runOnlyForDeploymentPostprocessing = 0;
		};
		54688CB42ABCC23D007F48E8 /* Sources */ = {
			isa = PBXSourcesBuildPhase;
			buildActionMask = 2147483647;
			files = (
				54688CBD2ABCC23D007F48E8 /* MyApplicationTests.m in Sources */,
			);
			runOnlyForDeploymentPostprocessing = 0;
		};
		54688CBE2ABCC23D007F48E8 /* Sources */ = {
			isa = PBXSourcesBuildPhase;
			buildActionMask = 2147483647;
			files = (
				54688CC72ABCC23D007F48E8 /* MyApplicationUITests.m in Sources */,
				54688CC92ABCC23D007F48E8 /* MyApplicationUITestsLaunchTests.m in Sources */,
			);
			runOnlyForDeploymentPostprocessing = 0;
		};
/* End PBXSourcesBuildPhase section */

/* Begin PBXTargetDependency section */
		54688CBA2ABCC23D007F48E8 /* PBXTargetDependency */ = {
			isa = PBXTargetDependency;
			target = 54688C9C2ABCC23C007F48E8 /* MyApplication */;
			targetProxy = 54688CB92ABCC23D007F48E8 /* PBXContainerItemProxy */;
		};
		54688CC42ABCC23D007F48E8 /* PBXTargetDependency */ = {
			isa = PBXTargetDependency;
			target = 54688C9C2ABCC23C007F48E8 /* MyApplication */;
			targetProxy = 54688CC32ABCC23D007F48E8 /* PBXContainerItemProxy */;
		};
/* End PBXTargetDependency section */

/* Begin PBXVariantGroup section */
		54688CAE2ABCC23D007F48E8 /* LaunchScreen.storyboard */ = {
			isa = PBXVariantGroup;
			children = (
				54688CAF2ABCC23D007F48E8 /* Base */,
			);
			name = LaunchScreen.storyboard;
			sourceTree = "<group>";
		};
/* End PBXVariantGroup section */

/* Begin XCBuildConfiguration section */
		54688CCA2ABCC23D007F48E8 /* Debug */ = {
			isa = XCBuildConfiguration;
			buildSettings = {
				ALWAYS_SEARCH_USER_PATHS = NO;
				CLANG_ANALYZER_NONNULL = YES;
				CLANG_ANALYZER_NUMBER_OBJECT_CONVERSION = YES_AGGRESSIVE;
				CLANG_CXX_LANGUAGE_STANDARD = "gnu++20";
				CLANG_ENABLE_MODULES = YES;
				CLANG_ENABLE_OBJC_ARC = YES;
				CLANG_ENABLE_OBJC_WEAK = YES;
				CLANG_WARN_BLOCK_CAPTURE_AUTORELEASING = YES;
				CLANG_WARN_BOOL_CONVERSION = YES;
				CLANG_WARN_COMMA = YES;
				CLANG_WARN_CONSTANT_CONVERSION = YES;
				CLANG_WARN_DEPRECATED_OBJC_IMPLEMENTATIONS = YES;
				CLANG_WARN_DIRECT_OBJC_ISA_USAGE = YES_ERROR;
				CLANG_WARN_DOCUMENTATION_COMMENTS = YES;
				CLANG_WARN_EMPTY_BODY = YES;
				CLANG_WARN_ENUM_CONVERSION = YES;
				CLANG_WARN_INFINITE_RECURSION = YES;
				CLANG_WARN_INT_CONVERSION = YES;
				CLANG_WARN_NON_LITERAL_NULL_CONVERSION = YES;
				CLANG_WARN_OBJC_IMPLICIT_RETAIN_SELF = YES;
				CLANG_WARN_OBJC_LITERAL_CONVERSION = YES;
				CLANG_WARN_OBJC_ROOT_CLASS = YES_ERROR;
				CLANG_WARN_QUOTED_INCLUDE_IN_FRAMEWORK_HEADER = YES;
				CLANG_WARN_RANGE_LOOP_ANALYSIS = YES;
				CLANG_WARN_STRICT_PROTOTYPES = YES;
				CLANG_WARN_SUSPICIOUS_MOVE = YES;
				CLANG_WARN_UNGUARDED_AVAILABILITY = YES_AGGRESSIVE;
				CLANG_WARN_UNREACHABLE_CODE = YES;
				CLANG_WARN__DUPLICATE_METHOD_MATCH = YES;
				COPY_PHASE_STRIP = NO;
				DEBUG_INFORMATION_FORMAT = dwarf;
				ENABLE_STRICT_OBJC_MSGSEND = YES;
				ENABLE_TESTABILITY = YES;
				GCC_C_LANGUAGE_STANDARD = gnu11;
				GCC_DYNAMIC_NO_PIC = NO;
				GCC_NO_COMMON_BLOCKS = YES;
				GCC_OPTIMIZATION_LEVEL = 0;
				GCC_PRECOMPILE_PREFIX_HEADER = YES;
				GCC_PREFIX_HEADER = "$(SRCROOT)/MyApplication/PrefixHeader.pch";
				GCC_PREPROCESSOR_DEFINITIONS = (
					"DEBUG=1",
					"$(inherited)",
				);
				GCC_WARN_64_TO_32_BIT_CONVERSION = YES;
				GCC_WARN_ABOUT_RETURN_TYPE = YES_ERROR;
				GCC_WARN_UNDECLARED_SELECTOR = YES;
				GCC_WARN_UNINITIALIZED_AUTOS = YES_AGGRESSIVE;
				GCC_WARN_UNUSED_FUNCTION = YES;
				GCC_WARN_UNUSED_VARIABLE = YES;
				IPHONEOS_DEPLOYMENT_TARGET = 13.0;
				MTL_ENABLE_DEBUG_INFO = INCLUDE_SOURCE;
				MTL_FAST_MATH = YES;
				ONLY_ACTIVE_ARCH = YES;
				OTHER_LDFLAGS = "-v";
				SDKROOT = iphoneos;
			};
			name = Debug;
		};
		54688CCB2ABCC23D007F48E8 /* Release */ = {
			isa = XCBuildConfiguration;
			buildSettings = {
				ALWAYS_SEARCH_USER_PATHS = NO;
				CLANG_ANALYZER_NONNULL = YES;
				CLANG_ANALYZER_NUMBER_OBJECT_CONVERSION = YES_AGGRESSIVE;
				CLANG_CXX_LANGUAGE_STANDARD = "gnu++20";
				CLANG_ENABLE_MODULES = YES;
				CLANG_ENABLE_OBJC_ARC = YES;
				CLANG_ENABLE_OBJC_WEAK = YES;
				CLANG_WARN_BLOCK_CAPTURE_AUTORELEASING = YES;
				CLANG_WARN_BOOL_CONVERSION = YES;
				CLANG_WARN_COMMA = YES;
				CLANG_WARN_CONSTANT_CONVERSION = YES;
				CLANG_WARN_DEPRECATED_OBJC_IMPLEMENTATIONS = YES;
				CLANG_WARN_DIRECT_OBJC_ISA_USAGE = YES_ERROR;
				CLANG_WARN_DOCUMENTATION_COMMENTS = YES;
				CLANG_WARN_EMPTY_BODY = YES;
				CLANG_WARN_ENUM_CONVERSION = YES;
				CLANG_WARN_INFINITE_RECURSION = YES;
				CLANG_WARN_INT_CONVERSION = YES;
				CLANG_WARN_NON_LITERAL_NULL_CONVERSION = YES;
				CLANG_WARN_OBJC_IMPLICIT_RETAIN_SELF = YES;
				CLANG_WARN_OBJC_LITERAL_CONVERSION = YES;
				CLANG_WARN_OBJC_ROOT_CLASS = YES_ERROR;
				CLANG_WARN_QUOTED_INCLUDE_IN_FRAMEWORK_HEADER = YES;
				CLANG_WARN_RANGE_LOOP_ANALYSIS = YES;
				CLANG_WARN_STRICT_PROTOTYPES = YES;
				CLANG_WARN_SUSPICIOUS_MOVE = YES;
				CLANG_WARN_UNGUARDED_AVAILABILITY = YES_AGGRESSIVE;
				CLANG_WARN_UNREACHABLE_CODE = YES;
				CLANG_WARN__DUPLICATE_METHOD_MATCH = YES;
				COPY_PHASE_STRIP = NO;
				DEBUG_INFORMATION_FORMAT = "dwarf-with-dsym";
				ENABLE_NS_ASSERTIONS = NO;
				ENABLE_STRICT_OBJC_MSGSEND = YES;
				GCC_C_LANGUAGE_STANDARD = gnu11;
				GCC_NO_COMMON_BLOCKS = YES;
				GCC_PRECOMPILE_PREFIX_HEADER = YES;
				GCC_PREFIX_HEADER = "$(SRCROOT)/MyApplication/PrefixHeader.pch";
				GCC_WARN_64_TO_32_BIT_CONVERSION = YES;
				GCC_WARN_ABOUT_RETURN_TYPE = YES_ERROR;
				GCC_WARN_UNDECLARED_SELECTOR = YES;
				GCC_WARN_UNINITIALIZED_AUTOS = YES_AGGRESSIVE;
				GCC_WARN_UNUSED_FUNCTION = YES;
				GCC_WARN_UNUSED_VARIABLE = YES;
				IPHONEOS_DEPLOYMENT_TARGET = 13.0;
				MTL_ENABLE_DEBUG_INFO = NO;
				MTL_FAST_MATH = YES;
				OTHER_LDFLAGS = "-v";
				SDKROOT = iphoneos;
				VALIDATE_PRODUCT = YES;
			};
			name = Release;
		};
		54688CCD2ABCC23D007F48E8 /* Debug */ = {
			isa = XCBuildConfiguration;
			baseConfigurationReference = 75BAAB4BF0ECAC0293A9691B /* Pods-MyApplication.debug.xcconfig */;
			buildSettings = {
				ASSETCATALOG_COMPILER_APPICON_NAME = AppIcon;
				ASSETCATALOG_COMPILER_GLOBAL_ACCENT_COLOR_NAME = AccentColor;
				CODE_SIGN_STYLE = Automatic;
				CURRENT_PROJECT_VERSION = 1;
				DEVELOPMENT_TEAM = 87NU3XASUN;
				GENERATE_INFOPLIST_FILE = YES;
				INFOPLIST_FILE = MyApplication/Info.plist;
				INFOPLIST_KEY_NSPhotoLibraryUsageDescription = "我想偷看你的相册";
				INFOPLIST_KEY_UIApplicationSupportsIndirectInputEvents = YES;
				INFOPLIST_KEY_UILaunchStoryboardName = LaunchScreen;
				INFOPLIST_KEY_UISupportedInterfaceOrientations_iPad = "UIInterfaceOrientationPortrait UIInterfaceOrientationPortraitUpsideDown UIInterfaceOrientationLandscapeLeft UIInterfaceOrientationLandscapeRight";
				INFOPLIST_KEY_UISupportedInterfaceOrientations_iPhone = "UIInterfaceOrientationPortrait UIInterfaceOrientationLandscapeLeft UIInterfaceOrientationLandscapeRight";
				IPHONEOS_DEPLOYMENT_TARGET = 13.0;
				LD_RUNPATH_SEARCH_PATHS = (
					"$(inherited)",
					"@executable_path/Frameworks",
				);
				LIBRARY_SEARCH_PATHS = (
					"$(inherited)",
					"$(PROJECT_DIR)/LocalPods/NVSDK/NVSDK",
				);
				MARKETING_VERSION = 1.0;
				PRODUCT_BUNDLE_IDENTIFIER = com.lijiahao.demo;
				PRODUCT_NAME = "$(TARGET_NAME)";
				SWIFT_EMIT_LOC_STRINGS = YES;
				TARGETED_DEVICE_FAMILY = "1,2";
			};
			name = Debug;
		};
		54688CCE2ABCC23D007F48E8 /* Release */ = {
			isa = XCBuildConfiguration;
			baseConfigurationReference = E096DE66C3698E2F71727597 /* Pods-MyApplication.release.xcconfig */;
			buildSettings = {
				ASSETCATALOG_COMPILER_APPICON_NAME = AppIcon;
				ASSETCATALOG_COMPILER_GLOBAL_ACCENT_COLOR_NAME = AccentColor;
				CODE_SIGN_STYLE = Automatic;
				CURRENT_PROJECT_VERSION = 1;
				DEVELOPMENT_TEAM = 87NU3XASUN;
				GENERATE_INFOPLIST_FILE = YES;
				INFOPLIST_FILE = MyApplication/Info.plist;
				INFOPLIST_KEY_NSPhotoLibraryUsageDescription = "我想偷看你的相册";
				INFOPLIST_KEY_UIApplicationSupportsIndirectInputEvents = YES;
				INFOPLIST_KEY_UILaunchStoryboardName = LaunchScreen;
				INFOPLIST_KEY_UISupportedInterfaceOrientations_iPad = "UIInterfaceOrientationPortrait UIInterfaceOrientationPortraitUpsideDown UIInterfaceOrientationLandscapeLeft UIInterfaceOrientationLandscapeRight";
				INFOPLIST_KEY_UISupportedInterfaceOrientations_iPhone = "UIInterfaceOrientationPortrait UIInterfaceOrientationLandscapeLeft UIInterfaceOrientationLandscapeRight";
				IPHONEOS_DEPLOYMENT_TARGET = 13.0;
				LD_RUNPATH_SEARCH_PATHS = (
					"$(inherited)",
					"@executable_path/Frameworks",
				);
				LIBRARY_SEARCH_PATHS = (
					"$(inherited)",
					"$(PROJECT_DIR)/LocalPods/NVSDK/NVSDK",
				);
				MARKETING_VERSION = 1.0;
				PRODUCT_BUNDLE_IDENTIFIER = com.lijiahao.demo;
				PRODUCT_NAME = "$(TARGET_NAME)";
				SWIFT_EMIT_LOC_STRINGS = YES;
				TARGETED_DEVICE_FAMILY = "1,2";
			};
			name = Release;
		};
		54688CD02ABCC23D007F48E8 /* Debug */ = {
			isa = XCBuildConfiguration;
			buildSettings = {
				BUNDLE_LOADER = "$(TEST_HOST)";
				CODE_SIGN_STYLE = Automatic;
				CURRENT_PROJECT_VERSION = 1;
				DEVELOPMENT_TEAM = 87NU3XASUN;
				GENERATE_INFOPLIST_FILE = YES;
				IPHONEOS_DEPLOYMENT_TARGET = 13.0;
				MARKETING_VERSION = 1.0;
				PRODUCT_BUNDLE_IDENTIFIER = com.lijiahao.MyApplicationTests;
				PRODUCT_NAME = "$(TARGET_NAME)";
				SWIFT_EMIT_LOC_STRINGS = NO;
				TARGETED_DEVICE_FAMILY = "1,2";
				TEST_HOST = "$(BUILT_PRODUCTS_DIR)/MyApplication.app/$(BUNDLE_EXECUTABLE_FOLDER_PATH)/MyApplication";
			};
			name = Debug;
		};
		54688CD12ABCC23D007F48E8 /* Release */ = {
			isa = XCBuildConfiguration;
			buildSettings = {
				BUNDLE_LOADER = "$(TEST_HOST)";
				CODE_SIGN_STYLE = Automatic;
				CURRENT_PROJECT_VERSION = 1;
				DEVELOPMENT_TEAM = 87NU3XASUN;
				GENERATE_INFOPLIST_FILE = YES;
				IPHONEOS_DEPLOYMENT_TARGET = 13.0;
				MARKETING_VERSION = 1.0;
				PRODUCT_BUNDLE_IDENTIFIER = com.lijiahao.MyApplicationTests;
				PRODUCT_NAME = "$(TARGET_NAME)";
				SWIFT_EMIT_LOC_STRINGS = NO;
				TARGETED_DEVICE_FAMILY = "1,2";
				TEST_HOST = "$(BUILT_PRODUCTS_DIR)/MyApplication.app/$(BUNDLE_EXECUTABLE_FOLDER_PATH)/MyApplication";
			};
			name = Release;
		};
		54688CD32ABCC23D007F48E8 /* Debug */ = {
			isa = XCBuildConfiguration;
			buildSettings = {
				CODE_SIGN_STYLE = Automatic;
				CURRENT_PROJECT_VERSION = 1;
				DEVELOPMENT_TEAM = 87NU3XASUN;
				GENERATE_INFOPLIST_FILE = YES;
				IPHONEOS_DEPLOYMENT_TARGET = 13.0;
				MARKETING_VERSION = 1.0;
				PRODUCT_BUNDLE_IDENTIFIER = com.lijiahao.MyApplicationUITests;
				PRODUCT_NAME = "$(TARGET_NAME)";
				SWIFT_EMIT_LOC_STRINGS = NO;
				TARGETED_DEVICE_FAMILY = "1,2";
				TEST_TARGET_NAME = MyApplication;
			};
			name = Debug;
		};
		54688CD42ABCC23D007F48E8 /* Release */ = {
			isa = XCBuildConfiguration;
			buildSettings = {
				CODE_SIGN_STYLE = Automatic;
				CURRENT_PROJECT_VERSION = 1;
				DEVELOPMENT_TEAM = 87NU3XASUN;
				GENERATE_INFOPLIST_FILE = YES;
				IPHONEOS_DEPLOYMENT_TARGET = 13.0;
				MARKETING_VERSION = 1.0;
				PRODUCT_BUNDLE_IDENTIFIER = com.lijiahao.MyApplicationUITests;
				PRODUCT_NAME = "$(TARGET_NAME)";
				SWIFT_EMIT_LOC_STRINGS = NO;
				TARGETED_DEVICE_FAMILY = "1,2";
				TEST_TARGET_NAME = MyApplication;
			};
			name = Release;
		};
/* End XCBuildConfiguration section */

/* Begin XCConfigurationList section */
		54688C982ABCC23C007F48E8 /* Build configuration list for PBXProject "MyApplication" */ = {
			isa = XCConfigurationList;
			buildConfigurations = (
				54688CCA2ABCC23D007F48E8 /* Debug */,
				54688CCB2ABCC23D007F48E8 /* Release */,
			);
			defaultConfigurationIsVisible = 0;
			defaultConfigurationName = Release;
		};
		54688CCC2ABCC23D007F48E8 /* Build configuration list for PBXNativeTarget "MyApplication" */ = {
			isa = XCConfigurationList;
			buildConfigurations = (
				54688CCD2ABCC23D007F48E8 /* Debug */,
				54688CCE2ABCC23D007F48E8 /* Release */,
			);
			defaultConfigurationIsVisible = 0;
			defaultConfigurationName = Release;
		};
		54688CCF2ABCC23D007F48E8 /* Build configuration list for PBXNativeTarget "MyApplicationTests" */ = {
			isa = XCConfigurationList;
			buildConfigurations = (
				54688CD02ABCC23D007F48E8 /* Debug */,
				54688CD12ABCC23D007F48E8 /* Release */,
			);
			defaultConfigurationIsVisible = 0;
			defaultConfigurationName = Release;
		};
		54688CD22ABCC23D007F48E8 /* Build configuration list for PBXNativeTarget "MyApplicationUITests" */ = {
			isa = XCConfigurationList;
			buildConfigurations = (
				54688CD32ABCC23D007F48E8 /* Debug */,
				54688CD42ABCC23D007F48E8 /* Release */,
			);
			defaultConfigurationIsVisible = 0;
			defaultConfigurationName = Release;
		};
/* End XCConfigurationList section */
	};
	rootObject = 54688C952ABCC23C007F48E8 /* Project object */;
}
